// !$*UTF8*$!
{
	archiveVersion = 1;
	classes = {
	};
	objectVersion = 55;
	objects = {

/* Begin PBXBuildFile section */
		4B01A43B285ED79800C83BF5 /* AsyncAlgorithms in Frameworks */ = {isa = PBXBuildFile; productRef = 4B01A43A285ED79800C83BF5 /* AsyncAlgorithms */; };
		4B01A448285EDA1800C83BF5 /* RxSwift in Frameworks */ = {isa = PBXBuildFile; productRef = 4B01A447285EDA1800C83BF5 /* RxSwift */; };
		4B01A68A285EDC2600C83BF5 /* BookAsyncSequence.swift in Sources */ = {isa = PBXBuildFile; fileRef = 4B01A689285EDC2600C83BF5 /* BookAsyncSequence.swift */; };
		4B16554127304097003B930B /* Storage.swift in Sources */ = {isa = PBXBuildFile; fileRef = 4B16554027304097003B930B /* Storage.swift */; };
		4B165549273040F4003B930B /* AsyncVerge.h in Headers */ = {isa = PBXBuildFile; fileRef = 4B165548273040F4003B930B /* AsyncVerge.h */; };
		4B16554B273040F4003B930B /* AsyncVerge.m in Sources */ = {isa = PBXBuildFile; fileRef = 4B16554A273040F4003B930B /* AsyncVerge.m */; };
		4B3F3143285D63BF0056D89F /* ConcurrencyAppApp.swift in Sources */ = {isa = PBXBuildFile; fileRef = 4B3F3142285D63BF0056D89F /* ConcurrencyAppApp.swift */; };
		4B3F3145285D63BF0056D89F /* ContentView.swift in Sources */ = {isa = PBXBuildFile; fileRef = 4B3F3144285D63BF0056D89F /* ContentView.swift */; };
		4B3F3147285D63C00056D89F /* Assets.xcassets in Resources */ = {isa = PBXBuildFile; fileRef = 4B3F3146285D63C00056D89F /* Assets.xcassets */; };
		4B3F314A285D63C00056D89F /* Preview Assets.xcassets in Resources */ = {isa = PBXBuildFile; fileRef = 4B3F3149285D63C00056D89F /* Preview Assets.xcassets */; };
		4B3F3150285D64BA0056D89F /* Book.swift in Sources */ = {isa = PBXBuildFile; fileRef = 4B3F314F285D64BA0056D89F /* Book.swift */; };
		4B3F3152285D66C10056D89F /* BookContinuation.swift in Sources */ = {isa = PBXBuildFile; fileRef = 4B3F3151285D66C10056D89F /* BookContinuation.swift */; };
		4B3F3154285ED2DB0056D89F /* BookContinuationCancel.swift in Sources */ = {isa = PBXBuildFile; fileRef = 4B3F3153285ED2DB0056D89F /* BookContinuationCancel.swift */; };
		4B3F3157285ED5070056D89F /* AsyncAlgorithms in Frameworks */ = {isa = PBXBuildFile; productRef = 4B3F3156285ED5070056D89F /* AsyncAlgorithms */; };
		4B3F3159285ED5070056D89F /* AsyncAlgorithms_XCTest in Frameworks */ = {isa = PBXBuildFile; productRef = 4B3F3158285ED5070056D89F /* AsyncAlgorithms_XCTest */; };
		4B3F315B285ED5070056D89F /* AsyncSequenceValidation in Frameworks */ = {isa = PBXBuildFile; productRef = 4B3F315A285ED5070056D89F /* AsyncSequenceValidation */; };
		4B3F315D285ED5070056D89F /* _CAsyncSequenceValidationSupport in Frameworks */ = {isa = PBXBuildFile; productRef = 4B3F315C285ED5070056D89F /* _CAsyncSequenceValidationSupport */; };
		4B3F315F285ED6710056D89F /* BookAlgorithms.swift in Sources */ = {isa = PBXBuildFile; fileRef = 4B3F315E285ED6710056D89F /* BookAlgorithms.swift */; };
		4B93659A272C4DA500100D60 /* main.swift in Sources */ = {isa = PBXBuildFile; fileRef = 4B936599272C4DA500100D60 /* main.swift */; };
		4B9365A7272C4F4000100D60 /* Test.swift in Sources */ = {isa = PBXBuildFile; fileRef = 4B9365A6272C4F4000100D60 /* Test.swift */; };
/* End PBXBuildFile section */

/* Begin PBXCopyFilesBuildPhase section */
		4B936594272C4DA500100D60 /* CopyFiles */ = {
			isa = PBXCopyFilesBuildPhase;
			buildActionMask = 2147483647;
			dstPath = /usr/share/man/man1/;
			dstSubfolderSpec = 0;
			files = (
			);
			runOnlyForDeploymentPostprocessing = 1;
		};
/* End PBXCopyFilesBuildPhase section */

/* Begin PBXFileReference section */
		4B01A689285EDC2600C83BF5 /* BookAsyncSequence.swift */ = {isa = PBXFileReference; lastKnownFileType = sourcecode.swift; path = BookAsyncSequence.swift; sourceTree = "<group>"; };
		4B16554027304097003B930B /* Storage.swift */ = {isa = PBXFileReference; lastKnownFileType = sourcecode.swift; path = Storage.swift; sourceTree = "<group>"; };
		4B165546273040F4003B930B /* libAsyncVerge.a */ = {isa = PBXFileReference; explicitFileType = archive.ar; includeInIndex = 0; path = libAsyncVerge.a; sourceTree = BUILT_PRODUCTS_DIR; };
		4B165548273040F4003B930B /* AsyncVerge.h */ = {isa = PBXFileReference; lastKnownFileType = sourcecode.c.h; path = AsyncVerge.h; sourceTree = "<group>"; };
		4B16554A273040F4003B930B /* AsyncVerge.m */ = {isa = PBXFileReference; lastKnownFileType = sourcecode.c.objc; path = AsyncVerge.m; sourceTree = "<group>"; };
		4B3F3140285D63BF0056D89F /* ConcurrencyApp.app */ = {isa = PBXFileReference; explicitFileType = wrapper.application; includeInIndex = 0; path = ConcurrencyApp.app; sourceTree = BUILT_PRODUCTS_DIR; };
		4B3F3142285D63BF0056D89F /* ConcurrencyAppApp.swift */ = {isa = PBXFileReference; lastKnownFileType = sourcecode.swift; path = ConcurrencyAppApp.swift; sourceTree = "<group>"; };
		4B3F3144285D63BF0056D89F /* ContentView.swift */ = {isa = PBXFileReference; lastKnownFileType = sourcecode.swift; path = ContentView.swift; sourceTree = "<group>"; };
		4B3F3146285D63C00056D89F /* Assets.xcassets */ = {isa = PBXFileReference; lastKnownFileType = folder.assetcatalog; path = Assets.xcassets; sourceTree = "<group>"; };
		4B3F3149285D63C00056D89F /* Preview Assets.xcassets */ = {isa = PBXFileReference; lastKnownFileType = folder.assetcatalog; path = "Preview Assets.xcassets"; sourceTree = "<group>"; };
		4B3F314B285D63C00056D89F /* ConcurrencyApp.entitlements */ = {isa = PBXFileReference; lastKnownFileType = text.plist.entitlements; path = ConcurrencyApp.entitlements; sourceTree = "<group>"; };
		4B3F314F285D64BA0056D89F /* Book.swift */ = {isa = PBXFileReference; lastKnownFileType = sourcecode.swift; path = Book.swift; sourceTree = "<group>"; };
		4B3F3151285D66C10056D89F /* BookContinuation.swift */ = {isa = PBXFileReference; lastKnownFileType = sourcecode.swift; path = BookContinuation.swift; sourceTree = "<group>"; };
		4B3F3153285ED2DB0056D89F /* BookContinuationCancel.swift */ = {isa = PBXFileReference; lastKnownFileType = sourcecode.swift; path = BookContinuationCancel.swift; sourceTree = "<group>"; };
		4B3F315E285ED6710056D89F /* BookAlgorithms.swift */ = {isa = PBXFileReference; lastKnownFileType = sourcecode.swift; path = BookAlgorithms.swift; sourceTree = "<group>"; };
		4B936596272C4DA500100D60 /* Concurrency */ = {isa = PBXFileReference; explicitFileType = "compiled.mach-o.executable"; includeInIndex = 0; path = Concurrency; sourceTree = BUILT_PRODUCTS_DIR; };
		4B936599272C4DA500100D60 /* main.swift */ = {isa = PBXFileReference; lastKnownFileType = sourcecode.swift; path = main.swift; sourceTree = "<group>"; };
		4B9365A4272C4F4000100D60 /* Test.xctest */ = {isa = PBXFileReference; explicitFileType = wrapper.cfbundle; includeInIndex = 0; path = Test.xctest; sourceTree = BUILT_PRODUCTS_DIR; };
		4B9365A6272C4F4000100D60 /* Test.swift */ = {isa = PBXFileReference; lastKnownFileType = sourcecode.swift; path = Test.swift; sourceTree = "<group>"; };
/* End PBXFileReference section */

/* Begin PBXFrameworksBuildPhase section */
		4B165544273040F4003B930B /* Frameworks */ = {
			isa = PBXFrameworksBuildPhase;
			buildActionMask = 2147483647;
			files = (
			);
			runOnlyForDeploymentPostprocessing = 0;
		};
		4B3F313D285D63BF0056D89F /* Frameworks */ = {
			isa = PBXFrameworksBuildPhase;
			buildActionMask = 2147483647;
			files = (
				4B01A448285EDA1800C83BF5 /* RxSwift in Frameworks */,
				4B01A43B285ED79800C83BF5 /* AsyncAlgorithms in Frameworks */,
			);
			runOnlyForDeploymentPostprocessing = 0;
		};
		4B936593272C4DA500100D60 /* Frameworks */ = {
			isa = PBXFrameworksBuildPhase;
			buildActionMask = 2147483647;
			files = (
				4B3F3159285ED5070056D89F /* AsyncAlgorithms_XCTest in Frameworks */,
				4B3F315B285ED5070056D89F /* AsyncSequenceValidation in Frameworks */,
				4B3F315D285ED5070056D89F /* _CAsyncSequenceValidationSupport in Frameworks */,
				4B3F3157285ED5070056D89F /* AsyncAlgorithms in Frameworks */,
			);
			runOnlyForDeploymentPostprocessing = 0;
		};
		4B9365A1272C4F4000100D60 /* Frameworks */ = {
			isa = PBXFrameworksBuildPhase;
			buildActionMask = 2147483647;
			files = (
			);
			runOnlyForDeploymentPostprocessing = 0;
		};
/* End PBXFrameworksBuildPhase section */

/* Begin PBXGroup section */
		4B01A437285ED79800C83BF5 /* Frameworks */ = {
			isa = PBXGroup;
			children = (
			);
			name = Frameworks;
			sourceTree = "<group>";
		};
		4B165547273040F4003B930B /* AsyncVerge */ = {
			isa = PBXGroup;
			children = (
				4B165548273040F4003B930B /* AsyncVerge.h */,
				4B16554A273040F4003B930B /* AsyncVerge.m */,
			);
			path = AsyncVerge;
			sourceTree = "<group>";
		};
		4B3F3141285D63BF0056D89F /* ConcurrencyApp */ = {
			isa = PBXGroup;
			children = (
				4B3F3142285D63BF0056D89F /* ConcurrencyAppApp.swift */,
				4B3F3144285D63BF0056D89F /* ContentView.swift */,
				4B3F314F285D64BA0056D89F /* Book.swift */,
				4B3F3151285D66C10056D89F /* BookContinuation.swift */,
				4B3F3153285ED2DB0056D89F /* BookContinuationCancel.swift */,
				4B3F315E285ED6710056D89F /* BookAlgorithms.swift */,
				4B01A689285EDC2600C83BF5 /* BookAsyncSequence.swift */,
				4B3F3146285D63C00056D89F /* Assets.xcassets */,
				4B3F314B285D63C00056D89F /* ConcurrencyApp.entitlements */,
				4B3F3148285D63C00056D89F /* Preview Content */,
			);
			path = ConcurrencyApp;
			sourceTree = "<group>";
		};
		4B3F3148285D63C00056D89F /* Preview Content */ = {
			isa = PBXGroup;
			children = (
				4B3F3149285D63C00056D89F /* Preview Assets.xcassets */,
			);
			path = "Preview Content";
			sourceTree = "<group>";
		};
		4B93658D272C4DA500100D60 = {
			isa = PBXGroup;
			children = (
				4B3F3141285D63BF0056D89F /* ConcurrencyApp */,
				4B936598272C4DA500100D60 /* Concurrency */,
				4B9365A5272C4F4000100D60 /* Test */,
				4B165547273040F4003B930B /* AsyncVerge */,
				4B936597272C4DA500100D60 /* Products */,
				4B01A437285ED79800C83BF5 /* Frameworks */,
			);
			sourceTree = "<group>";
		};
		4B936597272C4DA500100D60 /* Products */ = {
			isa = PBXGroup;
			children = (
				4B936596272C4DA500100D60 /* Concurrency */,
				4B9365A4272C4F4000100D60 /* Test.xctest */,
				4B165546273040F4003B930B /* libAsyncVerge.a */,
				4B3F3140285D63BF0056D89F /* ConcurrencyApp.app */,
			);
			name = Products;
			sourceTree = "<group>";
		};
		4B936598272C4DA500100D60 /* Concurrency */ = {
			isa = PBXGroup;
			children = (
				4B936599272C4DA500100D60 /* main.swift */,
				4B16554027304097003B930B /* Storage.swift */,
			);
			path = Concurrency;
			sourceTree = "<group>";
		};
		4B9365A5272C4F4000100D60 /* Test */ = {
			isa = PBXGroup;
			children = (
				4B9365A6272C4F4000100D60 /* Test.swift */,
			);
			path = Test;
			sourceTree = "<group>";
		};
/* End PBXGroup section */

/* Begin PBXHeadersBuildPhase section */
		4B165542273040F4003B930B /* Headers */ = {
			isa = PBXHeadersBuildPhase;
			buildActionMask = 2147483647;
			files = (
				4B165549273040F4003B930B /* AsyncVerge.h in Headers */,
			);
			runOnlyForDeploymentPostprocessing = 0;
		};
/* End PBXHeadersBuildPhase section */

/* Begin PBXNativeTarget section */
		4B165545273040F4003B930B /* AsyncVerge */ = {
			isa = PBXNativeTarget;
			buildConfigurationList = 4B16554C273040F4003B930B /* Build configuration list for PBXNativeTarget "AsyncVerge" */;
			buildPhases = (
				4B165542273040F4003B930B /* Headers */,
				4B165543273040F4003B930B /* Sources */,
				4B165544273040F4003B930B /* Frameworks */,
			);
			buildRules = (
			);
			dependencies = (
			);
			name = AsyncVerge;
			productName = AsyncVerge;
			productReference = 4B165546273040F4003B930B /* libAsyncVerge.a */;
			productType = "com.apple.product-type.library.static";
		};
		4B3F313F285D63BF0056D89F /* ConcurrencyApp */ = {
			isa = PBXNativeTarget;
			buildConfigurationList = 4B3F314E285D63C00056D89F /* Build configuration list for PBXNativeTarget "ConcurrencyApp" */;
			buildPhases = (
				4B3F313C285D63BF0056D89F /* Sources */,
				4B3F313D285D63BF0056D89F /* Frameworks */,
				4B3F313E285D63BF0056D89F /* Resources */,
			);
			buildRules = (
			);
			dependencies = (
			);
			name = ConcurrencyApp;
			packageProductDependencies = (
				4B01A43A285ED79800C83BF5 /* AsyncAlgorithms */,
				4B01A447285EDA1800C83BF5 /* RxSwift */,
			);
			productName = ConcurrencyApp;
			productReference = 4B3F3140285D63BF0056D89F /* ConcurrencyApp.app */;
			productType = "com.apple.product-type.application";
		};
		4B936595272C4DA500100D60 /* Concurrency */ = {
			isa = PBXNativeTarget;
			buildConfigurationList = 4B93659D272C4DA500100D60 /* Build configuration list for PBXNativeTarget "Concurrency" */;
			buildPhases = (
				4B936592272C4DA500100D60 /* Sources */,
				4B936593272C4DA500100D60 /* Frameworks */,
				4B936594272C4DA500100D60 /* CopyFiles */,
			);
			buildRules = (
			);
			dependencies = (
			);
			name = Concurrency;
			packageProductDependencies = (
				4B3F3156285ED5070056D89F /* AsyncAlgorithms */,
				4B3F3158285ED5070056D89F /* AsyncAlgorithms_XCTest */,
				4B3F315A285ED5070056D89F /* AsyncSequenceValidation */,
				4B3F315C285ED5070056D89F /* _CAsyncSequenceValidationSupport */,
			);
			productName = Concurrency;
			productReference = 4B936596272C4DA500100D60 /* Concurrency */;
			productType = "com.apple.product-type.tool";
		};
		4B9365A3272C4F4000100D60 /* Test */ = {
			isa = PBXNativeTarget;
			buildConfigurationList = 4B9365A8272C4F4000100D60 /* Build configuration list for PBXNativeTarget "Test" */;
			buildPhases = (
				4B9365A0272C4F4000100D60 /* Sources */,
				4B9365A1272C4F4000100D60 /* Frameworks */,
				4B9365A2272C4F4000100D60 /* Resources */,
			);
			buildRules = (
			);
			dependencies = (
			);
			name = Test;
			productName = Test;
			productReference = 4B9365A4272C4F4000100D60 /* Test.xctest */;
			productType = "com.apple.product-type.bundle.unit-test";
		};
/* End PBXNativeTarget section */

/* Begin PBXProject section */
		4B93658E272C4DA500100D60 /* Project object */ = {
			isa = PBXProject;
			attributes = {
				BuildIndependentTargetsInParallel = 1;
				LastSwiftUpdateCheck = 1340;
				LastUpgradeCheck = 1320;
				TargetAttributes = {
					4B165545273040F4003B930B = {
						CreatedOnToolsVersion = 13.2;
					};
					4B3F313F285D63BF0056D89F = {
						CreatedOnToolsVersion = 13.4.1;
					};
					4B936595272C4DA500100D60 = {
						CreatedOnToolsVersion = 13.2;
					};
					4B9365A3272C4F4000100D60 = {
						CreatedOnToolsVersion = 13.2;
					};
				};
			};
			buildConfigurationList = 4B936591272C4DA500100D60 /* Build configuration list for PBXProject "Concurrency" */;
			compatibilityVersion = "Xcode 13.0";
			developmentRegion = en;
			hasScannedForEncodings = 0;
			knownRegions = (
				en,
				Base,
			);
			mainGroup = 4B93658D272C4DA500100D60;
			packageReferences = (
				4B3F3155285ED5070056D89F /* XCRemoteSwiftPackageReference "swift-async-algorithms" */,
				4B01A446285EDA1800C83BF5 /* XCRemoteSwiftPackageReference "RxSwift" */,
			);
			productRefGroup = 4B936597272C4DA500100D60 /* Products */;
			projectDirPath = "";
			projectRoot = "";
			targets = (
				4B936595272C4DA500100D60 /* Concurrency */,
				4B9365A3272C4F4000100D60 /* Test */,
				4B165545273040F4003B930B /* AsyncVerge */,
				4B3F313F285D63BF0056D89F /* ConcurrencyApp */,
			);
		};
/* End PBXProject section */

/* Begin PBXResourcesBuildPhase section */
		4B3F313E285D63BF0056D89F /* Resources */ = {
			isa = PBXResourcesBuildPhase;
			buildActionMask = 2147483647;
			files = (
				4B3F314A285D63C00056D89F /* Preview Assets.xcassets in Resources */,
				4B3F3147285D63C00056D89F /* Assets.xcassets in Resources */,
			);
			runOnlyForDeploymentPostprocessing = 0;
		};
		4B9365A2272C4F4000100D60 /* Resources */ = {
			isa = PBXResourcesBuildPhase;
			buildActionMask = 2147483647;
			files = (
			);
			runOnlyForDeploymentPostprocessing = 0;
		};
/* End PBXResourcesBuildPhase section */

/* Begin PBXSourcesBuildPhase section */
		4B165543273040F4003B930B /* Sources */ = {
			isa = PBXSourcesBuildPhase;
			buildActionMask = 2147483647;
			files = (
				4B16554B273040F4003B930B /* AsyncVerge.m in Sources */,
			);
			runOnlyForDeploymentPostprocessing = 0;
		};
		4B3F313C285D63BF0056D89F /* Sources */ = {
			isa = PBXSourcesBuildPhase;
			buildActionMask = 2147483647;
			files = (
				4B01A68A285EDC2600C83BF5 /* BookAsyncSequence.swift in Sources */,
				4B3F315F285ED6710056D89F /* BookAlgorithms.swift in Sources */,
				4B3F3145285D63BF0056D89F /* ContentView.swift in Sources */,
				4B3F3154285ED2DB0056D89F /* BookContinuationCancel.swift in Sources */,
				4B3F3143285D63BF0056D89F /* ConcurrencyAppApp.swift in Sources */,
				4B3F3150285D64BA0056D89F /* Book.swift in Sources */,
				4B3F3152285D66C10056D89F /* BookContinuation.swift in Sources */,
			);
			runOnlyForDeploymentPostprocessing = 0;
		};
		4B936592272C4DA500100D60 /* Sources */ = {
			isa = PBXSourcesBuildPhase;
			buildActionMask = 2147483647;
			files = (
				4B93659A272C4DA500100D60 /* main.swift in Sources */,
				4B16554127304097003B930B /* Storage.swift in Sources */,
			);
			runOnlyForDeploymentPostprocessing = 0;
		};
		4B9365A0272C4F4000100D60 /* Sources */ = {
			isa = PBXSourcesBuildPhase;
			buildActionMask = 2147483647;
			files = (
				4B9365A7272C4F4000100D60 /* Test.swift in Sources */,
			);
			runOnlyForDeploymentPostprocessing = 0;
		};
/* End PBXSourcesBuildPhase section */

/* Begin XCBuildConfiguration section */
		4B16554D273040F4003B930B /* Debug */ = {
			isa = XCBuildConfiguration;
			buildSettings = {
				CODE_SIGN_STYLE = Automatic;
				EXECUTABLE_PREFIX = lib;
				PRODUCT_NAME = "$(TARGET_NAME)";
				SKIP_INSTALL = YES;
			};
			name = Debug;
		};
		4B16554E273040F4003B930B /* Release */ = {
			isa = XCBuildConfiguration;
			buildSettings = {
				CODE_SIGN_STYLE = Automatic;
				EXECUTABLE_PREFIX = lib;
				PRODUCT_NAME = "$(TARGET_NAME)";
				SKIP_INSTALL = YES;
			};
			name = Release;
		};
		4B3F314C285D63C00056D89F /* Debug */ = {
			isa = XCBuildConfiguration;
			buildSettings = {
				ASSETCATALOG_COMPILER_APPICON_NAME = AppIcon;
				ASSETCATALOG_COMPILER_GLOBAL_ACCENT_COLOR_NAME = AccentColor;
				CODE_SIGN_ENTITLEMENTS = ConcurrencyApp/ConcurrencyApp.entitlements;
				CODE_SIGN_IDENTITY = "-";
				CODE_SIGN_STYLE = Automatic;
				COMBINE_HIDPI_IMAGES = YES;
				CURRENT_PROJECT_VERSION = 1;
				DEVELOPMENT_ASSET_PATHS = "\"ConcurrencyApp/Preview Content\"";
				DEVELOPMENT_TEAM = "";
				ENABLE_PREVIEWS = YES;
				GENERATE_INFOPLIST_FILE = YES;
				INFOPLIST_KEY_NSHumanReadableCopyright = "";
				LD_RUNPATH_SEARCH_PATHS = (
					"$(inherited)",
					"@executable_path/../Frameworks",
				);
				MACOSX_DEPLOYMENT_TARGET = 12.3;
				MARKETING_VERSION = 1.0;
				PRODUCT_BUNDLE_IDENTIFIER = app.muukii.ConcurrencyApp;
				PRODUCT_NAME = "$(TARGET_NAME)";
				PROVISIONING_PROFILE_SPECIFIER = "";
				SWIFT_EMIT_LOC_STRINGS = YES;
				SWIFT_VERSION = 5.0;
			};
			name = Debug;
		};
		4B3F314D285D63C00056D89F /* Release */ = {
			isa = XCBuildConfiguration;
			buildSettings = {
				ASSETCATALOG_COMPILER_APPICON_NAME = AppIcon;
				ASSETCATALOG_COMPILER_GLOBAL_ACCENT_COLOR_NAME = AccentColor;
				CODE_SIGN_ENTITLEMENTS = ConcurrencyApp/ConcurrencyApp.entitlements;
				CODE_SIGN_IDENTITY = "-";
				CODE_SIGN_STYLE = Automatic;
				COMBINE_HIDPI_IMAGES = YES;
				CURRENT_PROJECT_VERSION = 1;
				DEVELOPMENT_ASSET_PATHS = "\"ConcurrencyApp/Preview Content\"";
				DEVELOPMENT_TEAM = "";
				ENABLE_PREVIEWS = YES;
				GENERATE_INFOPLIST_FILE = YES;
				INFOPLIST_KEY_NSHumanReadableCopyright = "";
				LD_RUNPATH_SEARCH_PATHS = (
					"$(inherited)",
					"@executable_path/../Frameworks",
				);
				MACOSX_DEPLOYMENT_TARGET = 12.3;
				MARKETING_VERSION = 1.0;
				PRODUCT_BUNDLE_IDENTIFIER = app.muukii.ConcurrencyApp;
				PRODUCT_NAME = "$(TARGET_NAME)";
				PROVISIONING_PROFILE_SPECIFIER = "";
				SWIFT_EMIT_LOC_STRINGS = YES;
				SWIFT_VERSION = 5.0;
			};
			name = Release;
		};
		4B93659B272C4DA500100D60 /* Debug */ = {
			isa = XCBuildConfiguration;
			buildSettings = {
				ALWAYS_SEARCH_USER_PATHS = NO;
				CLANG_ANALYZER_NONNULL = YES;
				CLANG_ANALYZER_NUMBER_OBJECT_CONVERSION = YES_AGGRESSIVE;
				CLANG_CXX_LANGUAGE_STANDARD = "gnu++17";
				CLANG_CXX_LIBRARY = "libc++";
				CLANG_ENABLE_MODULES = YES;
				CLANG_ENABLE_OBJC_ARC = YES;
				CLANG_ENABLE_OBJC_WEAK = YES;
				CLANG_WARN_BLOCK_CAPTURE_AUTORELEASING = YES;
				CLANG_WARN_BOOL_CONVERSION = YES;
				CLANG_WARN_COMMA = YES;
				CLANG_WARN_CONSTANT_CONVERSION = YES;
				CLANG_WARN_DEPRECATED_OBJC_IMPLEMENTATIONS = YES;
				CLANG_WARN_DIRECT_OBJC_ISA_USAGE = YES_ERROR;
				CLANG_WARN_DOCUMENTATION_COMMENTS = YES;
				CLANG_WARN_EMPTY_BODY = YES;
				CLANG_WARN_ENUM_CONVERSION = YES;
				CLANG_WARN_INFINITE_RECURSION = YES;
				CLANG_WARN_INT_CONVERSION = YES;
				CLANG_WARN_NON_LITERAL_NULL_CONVERSION = YES;
				CLANG_WARN_OBJC_IMPLICIT_RETAIN_SELF = YES;
				CLANG_WARN_OBJC_LITERAL_CONVERSION = YES;
				CLANG_WARN_OBJC_ROOT_CLASS = YES_ERROR;
				CLANG_WARN_QUOTED_INCLUDE_IN_FRAMEWORK_HEADER = YES;
				CLANG_WARN_RANGE_LOOP_ANALYSIS = YES;
				CLANG_WARN_STRICT_PROTOTYPES = YES;
				CLANG_WARN_SUSPICIOUS_MOVE = YES;
				CLANG_WARN_UNGUARDED_AVAILABILITY = YES_AGGRESSIVE;
				CLANG_WARN_UNREACHABLE_CODE = YES;
				CLANG_WARN__DUPLICATE_METHOD_MATCH = YES;
				COPY_PHASE_STRIP = NO;
				DEBUG_INFORMATION_FORMAT = dwarf;
				ENABLE_STRICT_OBJC_MSGSEND = YES;
				ENABLE_TESTABILITY = YES;
				GCC_C_LANGUAGE_STANDARD = gnu11;
				GCC_DYNAMIC_NO_PIC = NO;
				GCC_NO_COMMON_BLOCKS = YES;
				GCC_OPTIMIZATION_LEVEL = 0;
				GCC_PREPROCESSOR_DEFINITIONS = (
					"DEBUG=1",
					"$(inherited)",
				);
				GCC_WARN_64_TO_32_BIT_CONVERSION = YES;
				GCC_WARN_ABOUT_RETURN_TYPE = YES_ERROR;
				GCC_WARN_UNDECLARED_SELECTOR = YES;
				GCC_WARN_UNINITIALIZED_AUTOS = YES_AGGRESSIVE;
				GCC_WARN_UNUSED_FUNCTION = YES;
				GCC_WARN_UNUSED_VARIABLE = YES;
				MACOSX_DEPLOYMENT_TARGET = 12.0;
				MTL_ENABLE_DEBUG_INFO = INCLUDE_SOURCE;
				MTL_FAST_MATH = YES;
				ONLY_ACTIVE_ARCH = YES;
				SDKROOT = macosx;
				SWIFT_ACTIVE_COMPILATION_CONDITIONS = DEBUG;
				SWIFT_OPTIMIZATION_LEVEL = "-Onone";
			};
			name = Debug;
		};
		4B93659C272C4DA500100D60 /* Release */ = {
			isa = XCBuildConfiguration;
			buildSettings = {
				ALWAYS_SEARCH_USER_PATHS = NO;
				CLANG_ANALYZER_NONNULL = YES;
				CLANG_ANALYZER_NUMBER_OBJECT_CONVERSION = YES_AGGRESSIVE;
				CLANG_CXX_LANGUAGE_STANDARD = "gnu++17";
				CLANG_CXX_LIBRARY = "libc++";
				CLANG_ENABLE_MODULES = YES;
				CLANG_ENABLE_OBJC_ARC = YES;
				CLANG_ENABLE_OBJC_WEAK = YES;
				CLANG_WARN_BLOCK_CAPTURE_AUTORELEASING = YES;
				CLANG_WARN_BOOL_CONVERSION = YES;
				CLANG_WARN_COMMA = YES;
				CLANG_WARN_CONSTANT_CONVERSION = YES;
				CLANG_WARN_DEPRECATED_OBJC_IMPLEMENTATIONS = YES;
				CLANG_WARN_DIRECT_OBJC_ISA_USAGE = YES_ERROR;
				CLANG_WARN_DOCUMENTATION_COMMENTS = YES;
				CLANG_WARN_EMPTY_BODY = YES;
				CLANG_WARN_ENUM_CONVERSION = YES;
				CLANG_WARN_INFINITE_RECURSION = YES;
				CLANG_WARN_INT_CONVERSION = YES;
				CLANG_WARN_NON_LITERAL_NULL_CONVERSION = YES;
				CLANG_WARN_OBJC_IMPLICIT_RETAIN_SELF = YES;
				CLANG_WARN_OBJC_LITERAL_CONVERSION = YES;
				CLANG_WARN_OBJC_ROOT_CLASS = YES_ERROR;
				CLANG_WARN_QUOTED_INCLUDE_IN_FRAMEWORK_HEADER = YES;
				CLANG_WARN_RANGE_LOOP_ANALYSIS = YES;
				CLANG_WARN_STRICT_PROTOTYPES = YES;
				CLANG_WARN_SUSPICIOUS_MOVE = YES;
				CLANG_WARN_UNGUARDED_AVAILABILITY = YES_AGGRESSIVE;
				CLANG_WARN_UNREACHABLE_CODE = YES;
				CLANG_WARN__DUPLICATE_METHOD_MATCH = YES;
				COPY_PHASE_STRIP = NO;
				DEBUG_INFORMATION_FORMAT = "dwarf-with-dsym";
				ENABLE_NS_ASSERTIONS = NO;
				ENABLE_STRICT_OBJC_MSGSEND = YES;
				GCC_C_LANGUAGE_STANDARD = gnu11;
				GCC_NO_COMMON_BLOCKS = YES;
				GCC_WARN_64_TO_32_BIT_CONVERSION = YES;
				GCC_WARN_ABOUT_RETURN_TYPE = YES_ERROR;
				GCC_WARN_UNDECLARED_SELECTOR = YES;
				GCC_WARN_UNINITIALIZED_AUTOS = YES_AGGRESSIVE;
				GCC_WARN_UNUSED_FUNCTION = YES;
				GCC_WARN_UNUSED_VARIABLE = YES;
				MACOSX_DEPLOYMENT_TARGET = 12.0;
				MTL_ENABLE_DEBUG_INFO = NO;
				MTL_FAST_MATH = YES;
				SDKROOT = macosx;
				SWIFT_COMPILATION_MODE = wholemodule;
				SWIFT_OPTIMIZATION_LEVEL = "-O";
			};
			name = Release;
		};
		4B93659E272C4DA500100D60 /* Debug */ = {
			isa = XCBuildConfiguration;
			buildSettings = {
				CODE_SIGN_STYLE = Automatic;
				PRODUCT_NAME = "$(TARGET_NAME)";
				SWIFT_VERSION = 5.0;
			};
			name = Debug;
		};
		4B93659F272C4DA500100D60 /* Release */ = {
			isa = XCBuildConfiguration;
			buildSettings = {
				CODE_SIGN_STYLE = Automatic;
				PRODUCT_NAME = "$(TARGET_NAME)";
				SWIFT_VERSION = 5.0;
			};
			name = Release;
		};
		4B9365A9272C4F4000100D60 /* Debug */ = {
			isa = XCBuildConfiguration;
			buildSettings = {
				CODE_SIGN_STYLE = Automatic;
				CURRENT_PROJECT_VERSION = 1;
				GENERATE_INFOPLIST_FILE = YES;
				MARKETING_VERSION = 1.0;
				PRODUCT_BUNDLE_IDENTIFIER = app.muukii.Test;
				PRODUCT_NAME = "$(TARGET_NAME)";
				SWIFT_EMIT_LOC_STRINGS = NO;
				SWIFT_VERSION = 5.0;
			};
			name = Debug;
		};
		4B9365AA272C4F4000100D60 /* Release */ = {
			isa = XCBuildConfiguration;
			buildSettings = {
				CODE_SIGN_STYLE = Automatic;
				CURRENT_PROJECT_VERSION = 1;
				GENERATE_INFOPLIST_FILE = YES;
				MARKETING_VERSION = 1.0;
				PRODUCT_BUNDLE_IDENTIFIER = app.muukii.Test;
				PRODUCT_NAME = "$(TARGET_NAME)";
				SWIFT_EMIT_LOC_STRINGS = NO;
				SWIFT_VERSION = 5.0;
			};
			name = Release;
		};
/* End XCBuildConfiguration section */

/* Begin XCConfigurationList section */
		4B16554C273040F4003B930B /* Build configuration list for PBXNativeTarget "AsyncVerge" */ = {
			isa = XCConfigurationList;
			buildConfigurations = (
				4B16554D273040F4003B930B /* Debug */,
				4B16554E273040F4003B930B /* Release */,
			);
			defaultConfigurationIsVisible = 0;
			defaultConfigurationName = Release;
		};
		4B3F314E285D63C00056D89F /* Build configuration list for PBXNativeTarget "ConcurrencyApp" */ = {
			isa = XCConfigurationList;
			buildConfigurations = (
				4B3F314C285D63C00056D89F /* Debug */,
				4B3F314D285D63C00056D89F /* Release */,
			);
			defaultConfigurationIsVisible = 0;
			defaultConfigurationName = Release;
		};
		4B936591272C4DA500100D60 /* Build configuration list for PBXProject "Concurrency" */ = {
			isa = XCConfigurationList;
			buildConfigurations = (
				4B93659B272C4DA500100D60 /* Debug */,
				4B93659C272C4DA500100D60 /* Release */,
			);
			defaultConfigurationIsVisible = 0;
			defaultConfigurationName = Release;
		};
		4B93659D272C4DA500100D60 /* Build configuration list for PBXNativeTarget "Concurrency" */ = {
			isa = XCConfigurationList;
			buildConfigurations = (
				4B93659E272C4DA500100D60 /* Debug */,
				4B93659F272C4DA500100D60 /* Release */,
			);
			defaultConfigurationIsVisible = 0;
			defaultConfigurationName = Release;
		};
		4B9365A8272C4F4000100D60 /* Build configuration list for PBXNativeTarget "Test" */ = {
			isa = XCConfigurationList;
			buildConfigurations = (
				4B9365A9272C4F4000100D60 /* Debug */,
				4B9365AA272C4F4000100D60 /* Release */,
			);
			defaultConfigurationIsVisible = 0;
			defaultConfigurationName = Release;
		};
/* End XCConfigurationList section */

/* Begin XCRemoteSwiftPackageReference section */
		4B01A446285EDA1800C83BF5 /* XCRemoteSwiftPackageReference "RxSwift" */ = {
			isa = XCRemoteSwiftPackageReference;
			repositoryURL = "https://github.com/ReactiveX/RxSwift.git";
			requirement = {
				kind = upToNextMajorVersion;
				minimumVersion = 6.0.0;
			};
		};
		4B3F3155285ED5070056D89F /* XCRemoteSwiftPackageReference "swift-async-algorithms" */ = {
			isa = XCRemoteSwiftPackageReference;
			repositoryURL = "https://github.com/apple/swift-async-algorithms.git";
			requirement = {
				kind = exactVersion;
				version = 0.0.1;
			};
		};
/* End XCRemoteSwiftPackageReference section */

/* Begin XCSwiftPackageProductDependency section */
		4B01A43A285ED79800C83BF5 /* AsyncAlgorithms */ = {
			isa = XCSwiftPackageProductDependency;
			package = 4B3F3155285ED5070056D89F /* XCRemoteSwiftPackageReference "swift-async-algorithms" */;
			productName = AsyncAlgorithms;
		};
		4B01A447285EDA1800C83BF5 /* RxSwift */ = {
			isa = XCSwiftPackageProductDependency;
			package = 4B01A446285EDA1800C83BF5 /* XCRemoteSwiftPackageReference "RxSwift" */;
			productName = RxSwift;
		};
		4B3F3156285ED5070056D89F /* AsyncAlgorithms */ = {
			isa = XCSwiftPackageProductDependency;
			package = 4B3F3155285ED5070056D89F /* XCRemoteSwiftPackageReference "swift-async-algorithms" */;
			productName = AsyncAlgorithms;
		};
		4B3F3158285ED5070056D89F /* AsyncAlgorithms_XCTest */ = {
			isa = XCSwiftPackageProductDependency;
			package = 4B3F3155285ED5070056D89F /* XCRemoteSwiftPackageReference "swift-async-algorithms" */;
			productName = AsyncAlgorithms_XCTest;
		};
		4B3F315A285ED5070056D89F /* AsyncSequenceValidation */ = {
			isa = XCSwiftPackageProductDependency;
			package = 4B3F3155285ED5070056D89F /* XCRemoteSwiftPackageReference "swift-async-algorithms" */;
			productName = AsyncSequenceValidation;
		};
		4B3F315C285ED5070056D89F /* _CAsyncSequenceValidationSupport */ = {
			isa = XCSwiftPackageProductDependency;
			package = 4B3F3155285ED5070056D89F /* XCRemoteSwiftPackageReference "swift-async-algorithms" */;
			productName = _CAsyncSequenceValidationSupport;
		};
/* End XCSwiftPackageProductDependency section */
	};
	rootObject = 4B93658E272C4DA500100D60 /* Project object */;
}
