// !$*UTF8*$!
{
	archiveVersion = 1;
	classes = {
	};
	objectVersion = 52;
	objects = {

/* Begin PBXBuildFile section */
		1EF65400D674173B7813C4A1 /* Pods_Lab.framework in Frameworks */ = {isa = PBXBuildFile; fileRef = 4C9EB2A0E48E437D20C1B512 /* Pods_Lab.framework */; };
		4B6C250826711D0200D73D55 /* PlayList.swift in Sources */ = {isa = PBXBuildFile; fileRef = 4B6C250726711D0200D73D55 /* PlayList.swift */; };
		4B6C250A267123E300D73D55 /* PlayAttributedText.swift in Sources */ = {isa = PBXBuildFile; fileRef = 4B6C2509267123E300D73D55 /* PlayAttributedText.swift */; };
		4B76829F2630532000AC3575 /* AnimationTemplate.swift in Sources */ = {isa = PBXBuildFile; fileRef = 4B76829E2630532000AC3575 /* AnimationTemplate.swift */; };
		4B7682A326305E6600AC3575 /* OneTimeAnimationView.swift in Sources */ = {isa = PBXBuildFile; fileRef = 4B7682A226305E6600AC3575 /* OneTimeAnimationView.swift */; };
		4B7FCE62264A7BED000F1EED /* ZStackPlay.swift in Sources */ = {isa = PBXBuildFile; fileRef = 4B7FCE61264A7BED000F1EED /* ZStackPlay.swift */; };
		4B8A6852289109710047FAA2 /* Umbrella.h in Headers */ = {isa = PBXBuildFile; fileRef = 4B8A6851289109710047FAA2 /* Umbrella.h */; settings = {ATTRIBUTES = (Public, ); }; };
		4B8A68572891097A0047FAA2 /* LetterCase in Frameworks */ = {isa = PBXBuildFile; productRef = 4B8A68562891097A0047FAA2 /* LetterCase */; };
		4B98666A28910761002912A4 /* LetterCase in Frameworks */ = {isa = PBXBuildFile; productRef = 4B98666928910761002912A4 /* LetterCase */; };
		4B988C2D25DA59DD00DDB23D /* Color+.swift in Sources */ = {isa = PBXBuildFile; fileRef = 4B988C2C25DA59DD00DDB23D /* Color+.swift */; };
		4BAA484525DE5BBD001D4FDF /* MatrixView.swift in Sources */ = {isa = PBXBuildFile; fileRef = 4BAA484425DE5BBD001D4FDF /* MatrixView.swift */; };
		4BACE5DB2769091F00C32A09 /* GridView.swift in Sources */ = {isa = PBXBuildFile; fileRef = 4BACE5DA2769091F00C32A09 /* GridView.swift */; };
		4BB3FCF925D919C500496104 /* SwiftUIComponents.h in Headers */ = {isa = PBXBuildFile; fileRef = 4BB3FCF725D919C500496104 /* SwiftUIComponents.h */; settings = {ATTRIBUTES = (Public, ); }; };
		4BB3FD0625D919E200496104 /* MaterialShadow.swift in Sources */ = {isa = PBXBuildFile; fileRef = 4B6E55C025D9183300E8769F /* MaterialShadow.swift */; };
		4BB3FD0725D919E200496104 /* NeonDarkColor.swift in Sources */ = {isa = PBXBuildFile; fileRef = 4BD0E81725D7FD4A00BA46FC /* NeonDarkColor.swift */; };
		4BB3FD0825D919E200496104 /* MyView.swift in Sources */ = {isa = PBXBuildFile; fileRef = 4B6102DD25C992320058D264 /* MyView.swift */; };
		4BB405062630619600CA8D9A /* Card.swift in Sources */ = {isa = PBXBuildFile; fileRef = 4BB405052630619600CA8D9A /* Card.swift */; };
		4BC64F6A26B1A0D80091CE9A /* MondrianLayout in Frameworks */ = {isa = PBXBuildFile; productRef = 4BC64F6926B1A0D80091CE9A /* MondrianLayout */; };
		4BC6D47226FDCF2B00E7D5C0 /* Verge in Frameworks */ = {isa = PBXBuildFile; productRef = 4BC6D47126FDCF2B00E7D5C0 /* Verge */; };
		4BC6D47426FDCF2B00E7D5C0 /* VergeORM in Frameworks */ = {isa = PBXBuildFile; productRef = 4BC6D47326FDCF2B00E7D5C0 /* VergeORM */; };
		4BC6D47626FDCF2B00E7D5C0 /* VergeRx in Frameworks */ = {isa = PBXBuildFile; productRef = 4BC6D47526FDCF2B00E7D5C0 /* VergeRx */; };
		4BC6D47826FDCF2B00E7D5C0 /* VergeTiny in Frameworks */ = {isa = PBXBuildFile; productRef = 4BC6D47726FDCF2B00E7D5C0 /* VergeTiny */; };
		4BC713B826367A200073CEC4 /* Namespacing.h in Headers */ = {isa = PBXBuildFile; fileRef = 4BC713B626367A200073CEC4 /* Namespacing.h */; settings = {ATTRIBUTES = (Public, ); }; };
		4BC713BD26367A2C0073CEC4 /* A.swift in Sources */ = {isa = PBXBuildFile; fileRef = 4BC713BC26367A2C0073CEC4 /* A.swift */; };
		4BC713BF26367A410073CEC4 /* A.B.swift in Sources */ = {isa = PBXBuildFile; fileRef = 4BC713BE26367A410073CEC4 /* A.B.swift */; };
		4BC713C126367A580073CEC4 /* A.B.C.swift in Sources */ = {isa = PBXBuildFile; fileRef = 4BC713C026367A580073CEC4 /* A.B.C.swift */; };
		4BC713C326367A8C0073CEC4 /* A.B.C.D.swift in Sources */ = {isa = PBXBuildFile; fileRef = 4BC713C226367A8C0073CEC4 /* A.B.C.D.swift */; };
		4BDAB5D625BFBBA600E6CC35 /* Lab.h in Headers */ = {isa = PBXBuildFile; fileRef = 4BDAB5D425BFBBA600E6CC35 /* Lab.h */; settings = {ATTRIBUTES = (Public, ); }; };
/* End PBXBuildFile section */

/* Begin PBXFileReference section */
		4B44A41B27E1278D00E54B95 /* Concurrency.playground */ = {isa = PBXFileReference; lastKnownFileType = file.playground; path = Concurrency.playground; sourceTree = "<group>"; xcLanguageSpecificationIdentifier = xcode.lang.swift; };
		4B55834526706EEB001ED3A8 /* Xcode13.playground */ = {isa = PBXFileReference; lastKnownFileType = file.playground; path = Xcode13.playground; sourceTree = "<group>"; xcLanguageSpecificationIdentifier = xcode.lang.swift; };
		4B6102DA25C991F20058D264 /* SwiftUI.playground */ = {isa = PBXFileReference; lastKnownFileType = file.playground; path = SwiftUI.playground; sourceTree = "<group>"; xcLanguageSpecificationIdentifier = xcode.lang.swift; };
		4B6102DD25C992320058D264 /* MyView.swift */ = {isa = PBXFileReference; lastKnownFileType = sourcecode.swift; path = MyView.swift; sourceTree = "<group>"; };
		4B6AD1F325DB77AD00EE84DD /* Swift-2021.playground */ = {isa = PBXFileReference; lastKnownFileType = file.playground; path = "Swift-2021.playground"; sourceTree = "<group>"; xcLanguageSpecificationIdentifier = xcode.lang.swift; };
		4B6C250726711D0200D73D55 /* PlayList.swift */ = {isa = PBXFileReference; lastKnownFileType = sourcecode.swift; path = PlayList.swift; sourceTree = "<group>"; };
		4B6C2509267123E300D73D55 /* PlayAttributedText.swift */ = {isa = PBXFileReference; lastKnownFileType = sourcecode.swift; path = PlayAttributedText.swift; sourceTree = "<group>"; };
		4B6E55C025D9183300E8769F /* MaterialShadow.swift */ = {isa = PBXFileReference; lastKnownFileType = sourcecode.swift; path = MaterialShadow.swift; sourceTree = "<group>"; };
		4B76829E2630532000AC3575 /* AnimationTemplate.swift */ = {isa = PBXFileReference; lastKnownFileType = sourcecode.swift; path = AnimationTemplate.swift; sourceTree = "<group>"; };
		4B7682A226305E6600AC3575 /* OneTimeAnimationView.swift */ = {isa = PBXFileReference; lastKnownFileType = sourcecode.swift; path = OneTimeAnimationView.swift; sourceTree = "<group>"; };
		4B7FCE61264A7BED000F1EED /* ZStackPlay.swift */ = {isa = PBXFileReference; lastKnownFileType = sourcecode.swift; path = ZStackPlay.swift; sourceTree = "<group>"; };
		4B8A684F289109710047FAA2 /* Umbrella.framework */ = {isa = PBXFileReference; explicitFileType = wrapper.framework; includeInIndex = 0; path = Umbrella.framework; sourceTree = BUILT_PRODUCTS_DIR; };
		4B8A6851289109710047FAA2 /* Umbrella.h */ = {isa = PBXFileReference; lastKnownFileType = sourcecode.c.h; path = Umbrella.h; sourceTree = "<group>"; };
		4B988C2C25DA59DD00DDB23D /* Color+.swift */ = {isa = PBXFileReference; lastKnownFileType = sourcecode.swift; path = "Color+.swift"; sourceTree = "<group>"; };
		4BAA484425DE5BBD001D4FDF /* MatrixView.swift */ = {isa = PBXFileReference; lastKnownFileType = sourcecode.swift; path = MatrixView.swift; sourceTree = "<group>"; };
		4BACE5DA2769091F00C32A09 /* GridView.swift */ = {isa = PBXFileReference; lastKnownFileType = sourcecode.swift; path = GridView.swift; sourceTree = "<group>"; };
		4BB3670725CEF807001C5B7E /* RxSwift.playground */ = {isa = PBXFileReference; lastKnownFileType = file.playground; path = RxSwift.playground; sourceTree = "<group>"; xcLanguageSpecificationIdentifier = xcode.lang.swift; };
		4BB3FCF525D919C500496104 /* SwiftUIComponents.framework */ = {isa = PBXFileReference; explicitFileType = wrapper.framework; includeInIndex = 0; path = SwiftUIComponents.framework; sourceTree = BUILT_PRODUCTS_DIR; };
		4BB3FCF725D919C500496104 /* SwiftUIComponents.h */ = {isa = PBXFileReference; lastKnownFileType = sourcecode.c.h; path = SwiftUIComponents.h; sourceTree = "<group>"; };
		4BB3FCF825D919C500496104 /* Info.plist */ = {isa = PBXFileReference; lastKnownFileType = text.plist.xml; path = Info.plist; sourceTree = "<group>"; };
		4BB405052630619600CA8D9A /* Card.swift */ = {isa = PBXFileReference; lastKnownFileType = sourcecode.swift; path = Card.swift; sourceTree = "<group>"; };
		4BB786B627C8DFC000ED3D51 /* SlackEmojiRenderer.playground */ = {isa = PBXFileReference; lastKnownFileType = file.playground; path = SlackEmojiRenderer.playground; sourceTree = "<group>"; xcLanguageSpecificationIdentifier = xcode.lang.swift; };
		4BC64F6D26B1A2130091CE9A /* RevealServer.xcframework */ = {isa = PBXFileReference; lastKnownFileType = wrapper.xcframework; path = RevealServer.xcframework; sourceTree = "<group>"; };
		4BC713B426367A200073CEC4 /* Namespacing.framework */ = {isa = PBXFileReference; explicitFileType = wrapper.framework; includeInIndex = 0; path = Namespacing.framework; sourceTree = BUILT_PRODUCTS_DIR; };
		4BC713B626367A200073CEC4 /* Namespacing.h */ = {isa = PBXFileReference; lastKnownFileType = sourcecode.c.h; path = Namespacing.h; sourceTree = "<group>"; };
		4BC713B726367A200073CEC4 /* Info.plist */ = {isa = PBXFileReference; lastKnownFileType = text.plist.xml; path = Info.plist; sourceTree = "<group>"; };
		4BC713BC26367A2C0073CEC4 /* A.swift */ = {isa = PBXFileReference; lastKnownFileType = sourcecode.swift; path = A.swift; sourceTree = "<group>"; };
		4BC713BE26367A410073CEC4 /* A.B.swift */ = {isa = PBXFileReference; lastKnownFileType = sourcecode.swift; path = A.B.swift; sourceTree = "<group>"; };
		4BC713C026367A580073CEC4 /* A.B.C.swift */ = {isa = PBXFileReference; lastKnownFileType = sourcecode.swift; path = A.B.C.swift; sourceTree = "<group>"; };
		4BC713C226367A8C0073CEC4 /* A.B.C.D.swift */ = {isa = PBXFileReference; lastKnownFileType = sourcecode.swift; path = A.B.C.D.swift; sourceTree = "<group>"; };
		4BD0E81725D7FD4A00BA46FC /* NeonDarkColor.swift */ = {isa = PBXFileReference; lastKnownFileType = sourcecode.swift; path = NeonDarkColor.swift; sourceTree = "<group>"; };
		4BDAB5D125BFBBA600E6CC35 /* Lab.framework */ = {isa = PBXFileReference; explicitFileType = wrapper.framework; includeInIndex = 0; path = Lab.framework; sourceTree = BUILT_PRODUCTS_DIR; };
		4BDAB5D425BFBBA600E6CC35 /* Lab.h */ = {isa = PBXFileReference; lastKnownFileType = sourcecode.c.h; path = Lab.h; sourceTree = "<group>"; };
		4BDAB5D525BFBBA600E6CC35 /* Info.plist */ = {isa = PBXFileReference; lastKnownFileType = text.plist.xml; path = Info.plist; sourceTree = "<group>"; };
		4BDAB5DE25BFBBBE00E6CC35 /* Swift-2020.playground */ = {isa = PBXFileReference; lastKnownFileType = file.playground; path = "Swift-2020.playground"; sourceTree = "<group>"; };
		4BE0AAC5277FE15D0086FD7E /* Swift-2022.playground */ = {isa = PBXFileReference; lastKnownFileType = file.playground; path = "Swift-2022.playground"; sourceTree = "<group>"; xcLanguageSpecificationIdentifier = xcode.lang.swift; };
		4C9EB2A0E48E437D20C1B512 /* Pods_Lab.framework */ = {isa = PBXFileReference; explicitFileType = wrapper.framework; includeInIndex = 0; path = Pods_Lab.framework; sourceTree = BUILT_PRODUCTS_DIR; };
		4D668A8CFBA65CE2AC300FF3 /* Pods-Lab.release.xcconfig */ = {isa = PBXFileReference; includeInIndex = 1; lastKnownFileType = text.xcconfig; name = "Pods-Lab.release.xcconfig"; path = "Target Support Files/Pods-Lab/Pods-Lab.release.xcconfig"; sourceTree = "<group>"; };
		853739952066864B292A55FC /* Pods-Lab.debug.xcconfig */ = {isa = PBXFileReference; includeInIndex = 1; lastKnownFileType = text.xcconfig; name = "Pods-Lab.debug.xcconfig"; path = "Target Support Files/Pods-Lab/Pods-Lab.debug.xcconfig"; sourceTree = "<group>"; };
/* End PBXFileReference section */

/* Begin PBXFrameworksBuildPhase section */
		4B8A684C289109710047FAA2 /* Frameworks */ = {
			isa = PBXFrameworksBuildPhase;
			buildActionMask = 2147483647;
			files = (
				4B8A68572891097A0047FAA2 /* LetterCase in Frameworks */,
			);
			runOnlyForDeploymentPostprocessing = 0;
		};
		4BB3FCF225D919C500496104 /* Frameworks */ = {
			isa = PBXFrameworksBuildPhase;
			buildActionMask = 2147483647;
			files = (
			);
			runOnlyForDeploymentPostprocessing = 0;
		};
		4BC713B126367A200073CEC4 /* Frameworks */ = {
			isa = PBXFrameworksBuildPhase;
			buildActionMask = 2147483647;
			files = (
			);
			runOnlyForDeploymentPostprocessing = 0;
		};
		4BDAB5CE25BFBBA600E6CC35 /* Frameworks */ = {
			isa = PBXFrameworksBuildPhase;
			buildActionMask = 2147483647;
			files = (
				4BC6D47226FDCF2B00E7D5C0 /* Verge in Frameworks */,
				4BC6D47826FDCF2B00E7D5C0 /* VergeTiny in Frameworks */,
				4BC6D47626FDCF2B00E7D5C0 /* VergeRx in Frameworks */,
				4BC6D47426FDCF2B00E7D5C0 /* VergeORM in Frameworks */,
				1EF65400D674173B7813C4A1 /* Pods_Lab.framework in Frameworks */,
				4B98666A28910761002912A4 /* LetterCase in Frameworks */,
				4BC64F6A26B1A0D80091CE9A /* MondrianLayout in Frameworks */,
			);
			runOnlyForDeploymentPostprocessing = 0;
		};
/* End PBXFrameworksBuildPhase section */

/* Begin PBXGroup section */
		4B6102DC25C992260058D264 /* SwiftUI */ = {
			isa = PBXGroup;
			children = (
				4B6102DD25C992320058D264 /* MyView.swift */,
				4BACE5DA2769091F00C32A09 /* GridView.swift */,
				4B6C250726711D0200D73D55 /* PlayList.swift */,
				4B6C2509267123E300D73D55 /* PlayAttributedText.swift */,
				4B7FCE61264A7BED000F1EED /* ZStackPlay.swift */,
				4B6E55C025D9183300E8769F /* MaterialShadow.swift */,
				4BD0E81725D7FD4A00BA46FC /* NeonDarkColor.swift */,
				4B988C2C25DA59DD00DDB23D /* Color+.swift */,
				4BAA484425DE5BBD001D4FDF /* MatrixView.swift */,
				4B76829E2630532000AC3575 /* AnimationTemplate.swift */,
				4BB405052630619600CA8D9A /* Card.swift */,
				4B7682A226305E6600AC3575 /* OneTimeAnimationView.swift */,
			);
			path = SwiftUI;
			sourceTree = "<group>";
		};
		4B8A6850289109710047FAA2 /* Umbrella */ = {
			isa = PBXGroup;
			children = (
				4B8A6851289109710047FAA2 /* Umbrella.h */,
			);
			path = Umbrella;
			sourceTree = "<group>";
		};
		4BB3FCF625D919C500496104 /* SwiftUIComponents */ = {
			isa = PBXGroup;
			children = (
				4B6102DC25C992260058D264 /* SwiftUI */,
				4BB3FCF725D919C500496104 /* SwiftUIComponents.h */,
				4BB3FCF825D919C500496104 /* Info.plist */,
			);
			path = SwiftUIComponents;
			sourceTree = "<group>";
		};
		4BC713B526367A200073CEC4 /* Namespacing */ = {
			isa = PBXGroup;
			children = (
				4BC713B626367A200073CEC4 /* Namespacing.h */,
				4BC713BC26367A2C0073CEC4 /* A.swift */,
				4BC713BE26367A410073CEC4 /* A.B.swift */,
				4BC713C026367A580073CEC4 /* A.B.C.swift */,
				4BC713C226367A8C0073CEC4 /* A.B.C.D.swift */,
				4BC713B726367A200073CEC4 /* Info.plist */,
			);
			path = Namespacing;
			sourceTree = "<group>";
		};
		4BDAB5C725BFBBA600E6CC35 = {
			isa = PBXGroup;
			children = (
				4BC64F6D26B1A2130091CE9A /* RevealServer.xcframework */,
				4BDAB5DD25BFBBAE00E6CC35 /* Playgrounds */,
				4BDAB5D325BFBBA600E6CC35 /* Lab */,
				4BB3FCF625D919C500496104 /* SwiftUIComponents */,
				4BC713B526367A200073CEC4 /* Namespacing */,
				4B8A6850289109710047FAA2 /* Umbrella */,
				4BDAB5D225BFBBA600E6CC35 /* Products */,
				F80E1E3FCABE15037812BE6A /* Pods */,
				53A4B2A5C95F74EF22B9C97E /* Frameworks */,
			);
			sourceTree = "<group>";
		};
		4BDAB5D225BFBBA600E6CC35 /* Products */ = {
			isa = PBXGroup;
			children = (
				4BDAB5D125BFBBA600E6CC35 /* Lab.framework */,
				4BB3FCF525D919C500496104 /* SwiftUIComponents.framework */,
				4BC713B426367A200073CEC4 /* Namespacing.framework */,
				4B8A684F289109710047FAA2 /* Umbrella.framework */,
			);
			name = Products;
			sourceTree = "<group>";
		};
		4BDAB5D325BFBBA600E6CC35 /* Lab */ = {
			isa = PBXGroup;
			children = (
				4BDAB5D425BFBBA600E6CC35 /* Lab.h */,
				4BDAB5D525BFBBA600E6CC35 /* Info.plist */,
			);
			path = Lab;
			sourceTree = "<group>";
		};
		4BDAB5DD25BFBBAE00E6CC35 /* Playgrounds */ = {
			isa = PBXGroup;
			children = (
				4B55834526706EEB001ED3A8 /* Xcode13.playground */,
				4BE0AAC5277FE15D0086FD7E /* Swift-2022.playground */,
				4B6AD1F325DB77AD00EE84DD /* Swift-2021.playground */,
				4BDAB5DE25BFBBBE00E6CC35 /* Swift-2020.playground */,
				4B6102DA25C991F20058D264 /* SwiftUI.playground */,
				4BB3670725CEF807001C5B7E /* RxSwift.playground */,
				4BB786B627C8DFC000ED3D51 /* SlackEmojiRenderer.playground */,
				4B44A41B27E1278D00E54B95 /* Concurrency.playground */,
			);
			path = Playgrounds;
			sourceTree = "<group>";
		};
		53A4B2A5C95F74EF22B9C97E /* Frameworks */ = {
			isa = PBXGroup;
			children = (
				4C9EB2A0E48E437D20C1B512 /* Pods_Lab.framework */,
			);
			name = Frameworks;
			sourceTree = "<group>";
		};
		F80E1E3FCABE15037812BE6A /* Pods */ = {
			isa = PBXGroup;
			children = (
				853739952066864B292A55FC /* Pods-Lab.debug.xcconfig */,
				4D668A8CFBA65CE2AC300FF3 /* Pods-Lab.release.xcconfig */,
			);
			path = Pods;
			sourceTree = "<group>";
		};
/* End PBXGroup section */

/* Begin PBXHeadersBuildPhase section */
		4B8A684A289109710047FAA2 /* Headers */ = {
			isa = PBXHeadersBuildPhase;
			buildActionMask = 2147483647;
			files = (
				4B8A6852289109710047FAA2 /* Umbrella.h in Headers */,
			);
			runOnlyForDeploymentPostprocessing = 0;
		};
		4BB3FCF025D919C500496104 /* Headers */ = {
			isa = PBXHeadersBuildPhase;
			buildActionMask = 2147483647;
			files = (
				4BB3FCF925D919C500496104 /* SwiftUIComponents.h in Headers */,
			);
			runOnlyForDeploymentPostprocessing = 0;
		};
		4BC713AF26367A200073CEC4 /* Headers */ = {
			isa = PBXHeadersBuildPhase;
			buildActionMask = 2147483647;
			files = (
				4BC713B826367A200073CEC4 /* Namespacing.h in Headers */,
			);
			runOnlyForDeploymentPostprocessing = 0;
		};
		4BDAB5CC25BFBBA600E6CC35 /* Headers */ = {
			isa = PBXHeadersBuildPhase;
			buildActionMask = 2147483647;
			files = (
				4BDAB5D625BFBBA600E6CC35 /* Lab.h in Headers */,
			);
			runOnlyForDeploymentPostprocessing = 0;
		};
/* End PBXHeadersBuildPhase section */

/* Begin PBXNativeTarget section */
		4B8A684E289109710047FAA2 /* Umbrella */ = {
			isa = PBXNativeTarget;
			buildConfigurationList = 4B8A6855289109710047FAA2 /* Build configuration list for PBXNativeTarget "Umbrella" */;
			buildPhases = (
				4B8A684A289109710047FAA2 /* Headers */,
				4B8A684B289109710047FAA2 /* Sources */,
				4B8A684C289109710047FAA2 /* Frameworks */,
				4B8A684D289109710047FAA2 /* Resources */,
			);
			buildRules = (
			);
			dependencies = (
			);
			name = Umbrella;
			packageProductDependencies = (
				4B8A68562891097A0047FAA2 /* LetterCase */,
			);
			productName = Umbrella;
			productReference = 4B8A684F289109710047FAA2 /* Umbrella.framework */;
			productType = "com.apple.product-type.framework";
		};
		4BB3FCF425D919C500496104 /* SwiftUIComponents */ = {
			isa = PBXNativeTarget;
			buildConfigurationList = 4BB3FCFC25D919C500496104 /* Build configuration list for PBXNativeTarget "SwiftUIComponents" */;
			buildPhases = (
				4BB3FCF025D919C500496104 /* Headers */,
				4BB3FCF125D919C500496104 /* Sources */,
				4BB3FCF225D919C500496104 /* Frameworks */,
				4BB3FCF325D919C500496104 /* Resources */,
			);
			buildRules = (
			);
			dependencies = (
			);
			name = SwiftUIComponents;
			productName = SwiftUIComponents;
			productReference = 4BB3FCF525D919C500496104 /* SwiftUIComponents.framework */;
			productType = "com.apple.product-type.framework";
		};
		4BC713B326367A200073CEC4 /* Namespacing */ = {
			isa = PBXNativeTarget;
			buildConfigurationList = 4BC713BB26367A200073CEC4 /* Build configuration list for PBXNativeTarget "Namespacing" */;
			buildPhases = (
				4BC713AF26367A200073CEC4 /* Headers */,
				4BC713B026367A200073CEC4 /* Sources */,
				4BC713B126367A200073CEC4 /* Frameworks */,
				4BC713B226367A200073CEC4 /* Resources */,
			);
			buildRules = (
			);
			dependencies = (
			);
			name = Namespacing;
			productName = Namespacing;
			productReference = 4BC713B426367A200073CEC4 /* Namespacing.framework */;
			productType = "com.apple.product-type.framework";
		};
		4BDAB5D025BFBBA600E6CC35 /* Lab */ = {
			isa = PBXNativeTarget;
			buildConfigurationList = 4BDAB5D925BFBBA600E6CC35 /* Build configuration list for PBXNativeTarget "Lab" */;
			buildPhases = (
				A8D5FCC98AD5C077AE2C84E6 /* [CP] Check Pods Manifest.lock */,
				4BDAB5CC25BFBBA600E6CC35 /* Headers */,
				4BDAB5CD25BFBBA600E6CC35 /* Sources */,
				4BDAB5CE25BFBBA600E6CC35 /* Frameworks */,
				4BDAB5CF25BFBBA600E6CC35 /* Resources */,
			);
			buildRules = (
			);
			dependencies = (
			);
			name = Lab;
			packageProductDependencies = (
				4BC64F6926B1A0D80091CE9A /* MondrianLayout */,
				4BC6D47126FDCF2B00E7D5C0 /* Verge */,
				4BC6D47326FDCF2B00E7D5C0 /* VergeORM */,
				4BC6D47526FDCF2B00E7D5C0 /* VergeRx */,
				4BC6D47726FDCF2B00E7D5C0 /* VergeTiny */,
				4B98666928910761002912A4 /* LetterCase */,
			);
			productName = Lab;
			productReference = 4BDAB5D125BFBBA600E6CC35 /* Lab.framework */;
			productType = "com.apple.product-type.framework";
		};
/* End PBXNativeTarget section */

/* Begin PBXProject section */
		4BDAB5C825BFBBA600E6CC35 /* Project object */ = {
			isa = PBXProject;
			attributes = {
				LastSwiftUpdateCheck = 1300;
				LastUpgradeCheck = 1230;
				TargetAttributes = {
					4B8A684E289109710047FAA2 = {
						CreatedOnToolsVersion = 14.0;
					};
					4BB3FCF425D919C500496104 = {
						CreatedOnToolsVersion = 12.4;
					};
					4BC713B326367A200073CEC4 = {
						CreatedOnToolsVersion = 12.5;
						LastSwiftMigration = 1250;
					};
					4BDAB5D025BFBBA600E6CC35 = {
						CreatedOnToolsVersion = 12.3;
						LastSwiftMigration = 1240;
					};
				};
			};
			buildConfigurationList = 4BDAB5CB25BFBBA600E6CC35 /* Build configuration list for PBXProject "Lab" */;
			compatibilityVersion = "Xcode 9.3";
			developmentRegion = en;
			hasScannedForEncodings = 0;
			knownRegions = (
				en,
				Base,
			);
			mainGroup = 4BDAB5C725BFBBA600E6CC35;
			packageReferences = (
				4BC64F6826B1A0D80091CE9A /* XCRemoteSwiftPackageReference "MondrianLayout" */,
				4BC6D47026FDCF2B00E7D5C0 /* XCRemoteSwiftPackageReference "Verge" */,
				4B98666828910761002912A4 /* XCRemoteSwiftPackageReference "LetterCase" */,
			);
			productRefGroup = 4BDAB5D225BFBBA600E6CC35 /* Products */;
			projectDirPath = "";
			projectRoot = "";
			targets = (
				4BDAB5D025BFBBA600E6CC35 /* Lab */,
				4BB3FCF425D919C500496104 /* SwiftUIComponents */,
				4BC713B326367A200073CEC4 /* Namespacing */,
				4B8A684E289109710047FAA2 /* Umbrella */,
			);
		};
/* End PBXProject section */

/* Begin PBXResourcesBuildPhase section */
		4B8A684D289109710047FAA2 /* Resources */ = {
			isa = PBXResourcesBuildPhase;
			buildActionMask = 2147483647;
			files = (
			);
			runOnlyForDeploymentPostprocessing = 0;
		};
		4BB3FCF325D919C500496104 /* Resources */ = {
			isa = PBXResourcesBuildPhase;
			buildActionMask = 2147483647;
			files = (
			);
			runOnlyForDeploymentPostprocessing = 0;
		};
		4BC713B226367A200073CEC4 /* Resources */ = {
			isa = PBXResourcesBuildPhase;
			buildActionMask = 2147483647;
			files = (
			);
			runOnlyForDeploymentPostprocessing = 0;
		};
		4BDAB5CF25BFBBA600E6CC35 /* Resources */ = {
			isa = PBXResourcesBuildPhase;
			buildActionMask = 2147483647;
			files = (
			);
			runOnlyForDeploymentPostprocessing = 0;
		};
/* End PBXResourcesBuildPhase section */

/* Begin PBXShellScriptBuildPhase section */
		A8D5FCC98AD5C077AE2C84E6 /* [CP] Check Pods Manifest.lock */ = {
			isa = PBXShellScriptBuildPhase;
			buildActionMask = 2147483647;
			files = (
			);
			inputFileListPaths = (
			);
			inputPaths = (
				"${PODS_PODFILE_DIR_PATH}/Podfile.lock",
				"${PODS_ROOT}/Manifest.lock",
			);
			name = "[CP] Check Pods Manifest.lock";
			outputFileListPaths = (
			);
			outputPaths = (
				"$(DERIVED_FILE_DIR)/Pods-Lab-checkManifestLockResult.txt",
			);
			runOnlyForDeploymentPostprocessing = 0;
			shellPath = /bin/sh;
			shellScript = "diff \"${PODS_PODFILE_DIR_PATH}/Podfile.lock\" \"${PODS_ROOT}/Manifest.lock\" > /dev/null\nif [ $? != 0 ] ; then\n    # print error to STDERR\n    echo \"error: The sandbox is not in sync with the Podfile.lock. Run 'pod install' or update your CocoaPods installation.\" >&2\n    exit 1\nfi\n# This output is used by Xcode 'outputs' to avoid re-running this script phase.\necho \"SUCCESS\" > \"${SCRIPT_OUTPUT_FILE_0}\"\n";
			showEnvVarsInLog = 0;
		};
/* End PBXShellScriptBuildPhase section */

/* Begin PBXSourcesBuildPhase section */
		4B8A684B289109710047FAA2 /* Sources */ = {
			isa = PBXSourcesBuildPhase;
			buildActionMask = 2147483647;
			files = (
			);
			runOnlyForDeploymentPostprocessing = 0;
		};
		4BB3FCF125D919C500496104 /* Sources */ = {
			isa = PBXSourcesBuildPhase;
			buildActionMask = 2147483647;
			files = (
				4BAA484525DE5BBD001D4FDF /* MatrixView.swift in Sources */,
				4BB3FD0825D919E200496104 /* MyView.swift in Sources */,
				4B988C2D25DA59DD00DDB23D /* Color+.swift in Sources */,
				4B6C250826711D0200D73D55 /* PlayList.swift in Sources */,
				4B7FCE62264A7BED000F1EED /* ZStackPlay.swift in Sources */,
				4B7682A326305E6600AC3575 /* OneTimeAnimationView.swift in Sources */,
				4BB3FD0625D919E200496104 /* MaterialShadow.swift in Sources */,
				4B76829F2630532000AC3575 /* AnimationTemplate.swift in Sources */,
				4BB3FD0725D919E200496104 /* NeonDarkColor.swift in Sources */,
				4B6C250A267123E300D73D55 /* PlayAttributedText.swift in Sources */,
				4BACE5DB2769091F00C32A09 /* GridView.swift in Sources */,
				4BB405062630619600CA8D9A /* Card.swift in Sources */,
			);
			runOnlyForDeploymentPostprocessing = 0;
		};
		4BC713B026367A200073CEC4 /* Sources */ = {
			isa = PBXSourcesBuildPhase;
			buildActionMask = 2147483647;
			files = (
				4BC713C326367A8C0073CEC4 /* A.B.C.D.swift in Sources */,
				4BC713C126367A580073CEC4 /* A.B.C.swift in Sources */,
				4BC713BF26367A410073CEC4 /* A.B.swift in Sources */,
				4BC713BD26367A2C0073CEC4 /* A.swift in Sources */,
			);
			runOnlyForDeploymentPostprocessing = 0;
		};
		4BDAB5CD25BFBBA600E6CC35 /* Sources */ = {
			isa = PBXSourcesBuildPhase;
			buildActionMask = 2147483647;
			files = (
			);
			runOnlyForDeploymentPostprocessing = 0;
		};
/* End PBXSourcesBuildPhase section */

/* Begin XCBuildConfiguration section */
		4B8A6853289109710047FAA2 /* Debug */ = {
			isa = XCBuildConfiguration;
			buildSettings = {
				CLANG_CXX_LANGUAGE_STANDARD = "gnu++20";
				CODE_SIGN_STYLE = Automatic;
				CURRENT_PROJECT_VERSION = 1;
				DEFINES_MODULE = YES;
				DYLIB_COMPATIBILITY_VERSION = 1;
				DYLIB_CURRENT_VERSION = 1;
				DYLIB_INSTALL_NAME_BASE = "@rpath";
				GENERATE_INFOPLIST_FILE = YES;
				INFOPLIST_KEY_NSHumanReadableCopyright = "";
				INSTALL_PATH = "$(LOCAL_LIBRARY_DIR)/Frameworks";
				IPHONEOS_DEPLOYMENT_TARGET = 16.0;
				LD_RUNPATH_SEARCH_PATHS = (
					"$(inherited)",
					"@executable_path/Frameworks",
					"@loader_path/Frameworks",
				);
				MARKETING_VERSION = 1.0;
				PRODUCT_BUNDLE_IDENTIFIER = app.muukii.Umbrella;
				PRODUCT_NAME = "$(TARGET_NAME:c99extidentifier)";
				SKIP_INSTALL = YES;
				SWIFT_EMIT_LOC_STRINGS = YES;
				SWIFT_VERSION = 5.0;
				TARGETED_DEVICE_FAMILY = "1,2";
			};
			name = Debug;
		};
		4B8A6854289109710047FAA2 /* Release */ = {
			isa = XCBuildConfiguration;
			buildSettings = {
				CLANG_CXX_LANGUAGE_STANDARD = "gnu++20";
				CODE_SIGN_STYLE = Automatic;
				CURRENT_PROJECT_VERSION = 1;
				DEFINES_MODULE = YES;
				DYLIB_COMPATIBILITY_VERSION = 1;
				DYLIB_CURRENT_VERSION = 1;
				DYLIB_INSTALL_NAME_BASE = "@rpath";
				GENERATE_INFOPLIST_FILE = YES;
				INFOPLIST_KEY_NSHumanReadableCopyright = "";
				INSTALL_PATH = "$(LOCAL_LIBRARY_DIR)/Frameworks";
				IPHONEOS_DEPLOYMENT_TARGET = 16.0;
				LD_RUNPATH_SEARCH_PATHS = (
					"$(inherited)",
					"@executable_path/Frameworks",
					"@loader_path/Frameworks",
				);
				MARKETING_VERSION = 1.0;
				PRODUCT_BUNDLE_IDENTIFIER = app.muukii.Umbrella;
				PRODUCT_NAME = "$(TARGET_NAME:c99extidentifier)";
				SKIP_INSTALL = YES;
				SWIFT_EMIT_LOC_STRINGS = YES;
				SWIFT_VERSION = 5.0;
				TARGETED_DEVICE_FAMILY = "1,2";
			};
			name = Release;
		};
		4BB3FCFA25D919C500496104 /* Debug */ = {
			isa = XCBuildConfiguration;
			buildSettings = {
				CODE_SIGN_STYLE = Automatic;
				DEFINES_MODULE = YES;
				DYLIB_COMPATIBILITY_VERSION = 1;
				DYLIB_CURRENT_VERSION = 1;
				DYLIB_INSTALL_NAME_BASE = "@rpath";
				INFOPLIST_FILE = SwiftUIComponents/Info.plist;
				INSTALL_PATH = "$(LOCAL_LIBRARY_DIR)/Frameworks";
				IPHONEOS_DEPLOYMENT_TARGET = 14.4;
				LD_RUNPATH_SEARCH_PATHS = (
					"$(inherited)",
					"@executable_path/Frameworks",
					"@loader_path/Frameworks",
				);
				PRODUCT_BUNDLE_IDENTIFIER = app.muukii.SwiftUIComponents;
				PRODUCT_NAME = "$(TARGET_NAME:c99extidentifier)";
				SKIP_INSTALL = YES;
				SWIFT_VERSION = 5.0;
				TARGETED_DEVICE_FAMILY = "1,2";
			};
			name = Debug;
		};
		4BB3FCFB25D919C500496104 /* Release */ = {
			isa = XCBuildConfiguration;
			buildSettings = {
				CODE_SIGN_STYLE = Automatic;
				DEFINES_MODULE = YES;
				DYLIB_COMPATIBILITY_VERSION = 1;
				DYLIB_CURRENT_VERSION = 1;
				DYLIB_INSTALL_NAME_BASE = "@rpath";
				INFOPLIST_FILE = SwiftUIComponents/Info.plist;
				INSTALL_PATH = "$(LOCAL_LIBRARY_DIR)/Frameworks";
				IPHONEOS_DEPLOYMENT_TARGET = 14.4;
				LD_RUNPATH_SEARCH_PATHS = (
					"$(inherited)",
					"@executable_path/Frameworks",
					"@loader_path/Frameworks",
				);
				PRODUCT_BUNDLE_IDENTIFIER = app.muukii.SwiftUIComponents;
				PRODUCT_NAME = "$(TARGET_NAME:c99extidentifier)";
				SKIP_INSTALL = YES;
				SWIFT_VERSION = 5.0;
				TARGETED_DEVICE_FAMILY = "1,2";
			};
			name = Release;
		};
		4BC713B926367A200073CEC4 /* Debug */ = {
			isa = XCBuildConfiguration;
			buildSettings = {
				CLANG_ENABLE_MODULES = YES;
				CODE_SIGN_STYLE = Automatic;
				DEFINES_MODULE = YES;
				DYLIB_COMPATIBILITY_VERSION = 1;
				DYLIB_CURRENT_VERSION = 1;
				DYLIB_INSTALL_NAME_BASE = "@rpath";
				INFOPLIST_FILE = Namespacing/Info.plist;
				INSTALL_PATH = "$(LOCAL_LIBRARY_DIR)/Frameworks";
				IPHONEOS_DEPLOYMENT_TARGET = 14.5;
				LD_RUNPATH_SEARCH_PATHS = (
					"$(inherited)",
					"@executable_path/Frameworks",
					"@loader_path/Frameworks",
				);
				PRODUCT_BUNDLE_IDENTIFIER = app.muukii.Namespacing;
				PRODUCT_NAME = "$(TARGET_NAME:c99extidentifier)";
				SKIP_INSTALL = YES;
				SWIFT_OPTIMIZATION_LEVEL = "-Onone";
				SWIFT_VERSION = 5.0;
				TARGETED_DEVICE_FAMILY = "1,2";
			};
			name = Debug;
		};
		4BC713BA26367A200073CEC4 /* Release */ = {
			isa = XCBuildConfiguration;
			buildSettings = {
				CLANG_ENABLE_MODULES = YES;
				CODE_SIGN_STYLE = Automatic;
				DEFINES_MODULE = YES;
				DYLIB_COMPATIBILITY_VERSION = 1;
				DYLIB_CURRENT_VERSION = 1;
				DYLIB_INSTALL_NAME_BASE = "@rpath";
				INFOPLIST_FILE = Namespacing/Info.plist;
				INSTALL_PATH = "$(LOCAL_LIBRARY_DIR)/Frameworks";
				IPHONEOS_DEPLOYMENT_TARGET = 14.5;
				LD_RUNPATH_SEARCH_PATHS = (
					"$(inherited)",
					"@executable_path/Frameworks",
					"@loader_path/Frameworks",
				);
				PRODUCT_BUNDLE_IDENTIFIER = app.muukii.Namespacing;
				PRODUCT_NAME = "$(TARGET_NAME:c99extidentifier)";
				SKIP_INSTALL = YES;
				SWIFT_VERSION = 5.0;
				TARGETED_DEVICE_FAMILY = "1,2";
			};
			name = Release;
		};
		4BDAB5D725BFBBA600E6CC35 /* Debug */ = {
			isa = XCBuildConfiguration;
			buildSettings = {
				ALWAYS_SEARCH_USER_PATHS = NO;
				CLANG_ANALYZER_NONNULL = YES;
				CLANG_ANALYZER_NUMBER_OBJECT_CONVERSION = YES_AGGRESSIVE;
				CLANG_CXX_LANGUAGE_STANDARD = "gnu++14";
				CLANG_CXX_LIBRARY = "libc++";
				CLANG_ENABLE_MODULES = YES;
				CLANG_ENABLE_OBJC_ARC = YES;
				CLANG_ENABLE_OBJC_WEAK = YES;
				CLANG_WARN_BLOCK_CAPTURE_AUTORELEASING = YES;
				CLANG_WARN_BOOL_CONVERSION = YES;
				CLANG_WARN_COMMA = YES;
				CLANG_WARN_CONSTANT_CONVERSION = YES;
				CLANG_WARN_DEPRECATED_OBJC_IMPLEMENTATIONS = YES;
				CLANG_WARN_DIRECT_OBJC_ISA_USAGE = YES_ERROR;
				CLANG_WARN_DOCUMENTATION_COMMENTS = YES;
				CLANG_WARN_EMPTY_BODY = YES;
				CLANG_WARN_ENUM_CONVERSION = YES;
				CLANG_WARN_INFINITE_RECURSION = YES;
				CLANG_WARN_INT_CONVERSION = YES;
				CLANG_WARN_NON_LITERAL_NULL_CONVERSION = YES;
				CLANG_WARN_OBJC_IMPLICIT_RETAIN_SELF = YES;
				CLANG_WARN_OBJC_LITERAL_CONVERSION = YES;
				CLANG_WARN_OBJC_ROOT_CLASS = YES_ERROR;
				CLANG_WARN_QUOTED_INCLUDE_IN_FRAMEWORK_HEADER = YES;
				CLANG_WARN_RANGE_LOOP_ANALYSIS = YES;
				CLANG_WARN_STRICT_PROTOTYPES = YES;
				CLANG_WARN_SUSPICIOUS_MOVE = YES;
				CLANG_WARN_UNGUARDED_AVAILABILITY = YES_AGGRESSIVE;
				CLANG_WARN_UNREACHABLE_CODE = YES;
				CLANG_WARN__DUPLICATE_METHOD_MATCH = YES;
				COPY_PHASE_STRIP = NO;
				CURRENT_PROJECT_VERSION = 1;
				DEBUG_INFORMATION_FORMAT = dwarf;
				ENABLE_STRICT_OBJC_MSGSEND = YES;
				ENABLE_TESTABILITY = YES;
				GCC_C_LANGUAGE_STANDARD = gnu11;
				GCC_DYNAMIC_NO_PIC = NO;
				GCC_NO_COMMON_BLOCKS = YES;
				GCC_OPTIMIZATION_LEVEL = 0;
				GCC_PREPROCESSOR_DEFINITIONS = (
					"DEBUG=1",
					"$(inherited)",
				);
				GCC_WARN_64_TO_32_BIT_CONVERSION = YES;
				GCC_WARN_ABOUT_RETURN_TYPE = YES_ERROR;
				GCC_WARN_UNDECLARED_SELECTOR = YES;
				GCC_WARN_UNINITIALIZED_AUTOS = YES_AGGRESSIVE;
				GCC_WARN_UNUSED_FUNCTION = YES;
				GCC_WARN_UNUSED_VARIABLE = YES;
				IPHONEOS_DEPLOYMENT_TARGET = 14.3;
				MTL_ENABLE_DEBUG_INFO = INCLUDE_SOURCE;
				MTL_FAST_MATH = YES;
				ONLY_ACTIVE_ARCH = YES;
				SDKROOT = iphoneos;
				SWIFT_ACTIVE_COMPILATION_CONDITIONS = DEBUG;
				SWIFT_OPTIMIZATION_LEVEL = "-Onone";
				VERSIONING_SYSTEM = "apple-generic";
				VERSION_INFO_PREFIX = "";
			};
			name = Debug;
		};
		4BDAB5D825BFBBA600E6CC35 /* Release */ = {
			isa = XCBuildConfiguration;
			buildSettings = {
				ALWAYS_SEARCH_USER_PATHS = NO;
				CLANG_ANALYZER_NONNULL = YES;
				CLANG_ANALYZER_NUMBER_OBJECT_CONVERSION = YES_AGGRESSIVE;
				CLANG_CXX_LANGUAGE_STANDARD = "gnu++14";
				CLANG_CXX_LIBRARY = "libc++";
				CLANG_ENABLE_MODULES = YES;
				CLANG_ENABLE_OBJC_ARC = YES;
				CLANG_ENABLE_OBJC_WEAK = YES;
				CLANG_WARN_BLOCK_CAPTURE_AUTORELEASING = YES;
				CLANG_WARN_BOOL_CONVERSION = YES;
				CLANG_WARN_COMMA = YES;
				CLANG_WARN_CONSTANT_CONVERSION = YES;
				CLANG_WARN_DEPRECATED_OBJC_IMPLEMENTATIONS = YES;
				CLANG_WARN_DIRECT_OBJC_ISA_USAGE = YES_ERROR;
				CLANG_WARN_DOCUMENTATION_COMMENTS = YES;
				CLANG_WARN_EMPTY_BODY = YES;
				CLANG_WARN_ENUM_CONVERSION = YES;
				CLANG_WARN_INFINITE_RECURSION = YES;
				CLANG_WARN_INT_CONVERSION = YES;
				CLANG_WARN_NON_LITERAL_NULL_CONVERSION = YES;
				CLANG_WARN_OBJC_IMPLICIT_RETAIN_SELF = YES;
				CLANG_WARN_OBJC_LITERAL_CONVERSION = YES;
				CLANG_WARN_OBJC_ROOT_CLASS = YES_ERROR;
				CLANG_WARN_QUOTED_INCLUDE_IN_FRAMEWORK_HEADER = YES;
				CLANG_WARN_RANGE_LOOP_ANALYSIS = YES;
				CLANG_WARN_STRICT_PROTOTYPES = YES;
				CLANG_WARN_SUSPICIOUS_MOVE = YES;
				CLANG_WARN_UNGUARDED_AVAILABILITY = YES_AGGRESSIVE;
				CLANG_WARN_UNREACHABLE_CODE = YES;
				CLANG_WARN__DUPLICATE_METHOD_MATCH = YES;
				COPY_PHASE_STRIP = NO;
				CURRENT_PROJECT_VERSION = 1;
				DEBUG_INFORMATION_FORMAT = "dwarf-with-dsym";
				ENABLE_NS_ASSERTIONS = NO;
				ENABLE_STRICT_OBJC_MSGSEND = YES;
				GCC_C_LANGUAGE_STANDARD = gnu11;
				GCC_NO_COMMON_BLOCKS = YES;
				GCC_WARN_64_TO_32_BIT_CONVERSION = YES;
				GCC_WARN_ABOUT_RETURN_TYPE = YES_ERROR;
				GCC_WARN_UNDECLARED_SELECTOR = YES;
				GCC_WARN_UNINITIALIZED_AUTOS = YES_AGGRESSIVE;
				GCC_WARN_UNUSED_FUNCTION = YES;
				GCC_WARN_UNUSED_VARIABLE = YES;
				IPHONEOS_DEPLOYMENT_TARGET = 14.3;
				MTL_ENABLE_DEBUG_INFO = NO;
				MTL_FAST_MATH = YES;
				SDKROOT = iphoneos;
				SWIFT_COMPILATION_MODE = wholemodule;
				SWIFT_OPTIMIZATION_LEVEL = "-O";
				VALIDATE_PRODUCT = YES;
				VERSIONING_SYSTEM = "apple-generic";
				VERSION_INFO_PREFIX = "";
			};
			name = Release;
		};
		4BDAB5DA25BFBBA600E6CC35 /* Debug */ = {
			isa = XCBuildConfiguration;
			baseConfigurationReference = 853739952066864B292A55FC /* Pods-Lab.debug.xcconfig */;
			buildSettings = {
				CLANG_ENABLE_MODULES = YES;
				CODE_SIGN_STYLE = Automatic;
				DEFINES_MODULE = YES;
				DYLIB_COMPATIBILITY_VERSION = 1;
				DYLIB_CURRENT_VERSION = 1;
				DYLIB_INSTALL_NAME_BASE = "@rpath";
				INFOPLIST_FILE = Lab/Info.plist;
				INSTALL_PATH = "$(LOCAL_LIBRARY_DIR)/Frameworks";
				LD_RUNPATH_SEARCH_PATHS = (
					"$(inherited)",
					"@executable_path/Frameworks",
					"@loader_path/Frameworks",
				);
				PRODUCT_BUNDLE_IDENTIFIER = app.muukii.Lab;
				PRODUCT_NAME = "$(TARGET_NAME:c99extidentifier)";
				SKIP_INSTALL = YES;
				SWIFT_OPTIMIZATION_LEVEL = "-Onone";
				SWIFT_VERSION = 5.0;
				TARGETED_DEVICE_FAMILY = "1,2";
			};
			name = Debug;
		};
		4BDAB5DB25BFBBA600E6CC35 /* Release */ = {
			isa = XCBuildConfiguration;
			baseConfigurationReference = 4D668A8CFBA65CE2AC300FF3 /* Pods-Lab.release.xcconfig */;
			buildSettings = {
				CLANG_ENABLE_MODULES = YES;
				CODE_SIGN_STYLE = Automatic;
				DEFINES_MODULE = YES;
				DYLIB_COMPATIBILITY_VERSION = 1;
				DYLIB_CURRENT_VERSION = 1;
				DYLIB_INSTALL_NAME_BASE = "@rpath";
				INFOPLIST_FILE = Lab/Info.plist;
				INSTALL_PATH = "$(LOCAL_LIBRARY_DIR)/Frameworks";
				LD_RUNPATH_SEARCH_PATHS = (
					"$(inherited)",
					"@executable_path/Frameworks",
					"@loader_path/Frameworks",
				);
				PRODUCT_BUNDLE_IDENTIFIER = app.muukii.Lab;
				PRODUCT_NAME = "$(TARGET_NAME:c99extidentifier)";
				SKIP_INSTALL = YES;
				SWIFT_VERSION = 5.0;
				TARGETED_DEVICE_FAMILY = "1,2";
			};
			name = Release;
		};
/* End XCBuildConfiguration section */

/* Begin XCConfigurationList section */
		4B8A6855289109710047FAA2 /* Build configuration list for PBXNativeTarget "Umbrella" */ = {
			isa = XCConfigurationList;
			buildConfigurations = (
				4B8A6853289109710047FAA2 /* Debug */,
				4B8A6854289109710047FAA2 /* Release */,
			);
			defaultConfigurationIsVisible = 0;
			defaultConfigurationName = Release;
		};
		4BB3FCFC25D919C500496104 /* Build configuration list for PBXNativeTarget "SwiftUIComponents" */ = {
			isa = XCConfigurationList;
			buildConfigurations = (
				4BB3FCFA25D919C500496104 /* Debug */,
				4BB3FCFB25D919C500496104 /* Release */,
			);
			defaultConfigurationIsVisible = 0;
			defaultConfigurationName = Release;
		};
		4BC713BB26367A200073CEC4 /* Build configuration list for PBXNativeTarget "Namespacing" */ = {
			isa = XCConfigurationList;
			buildConfigurations = (
				4BC713B926367A200073CEC4 /* Debug */,
				4BC713BA26367A200073CEC4 /* Release */,
			);
			defaultConfigurationIsVisible = 0;
			defaultConfigurationName = Release;
		};
		4BDAB5CB25BFBBA600E6CC35 /* Build configuration list for PBXProject "Lab" */ = {
			isa = XCConfigurationList;
			buildConfigurations = (
				4BDAB5D725BFBBA600E6CC35 /* Debug */,
				4BDAB5D825BFBBA600E6CC35 /* Release */,
			);
			defaultConfigurationIsVisible = 0;
			defaultConfigurationName = Release;
		};
		4BDAB5D925BFBBA600E6CC35 /* Build configuration list for PBXNativeTarget "Lab" */ = {
			isa = XCConfigurationList;
			buildConfigurations = (
				4BDAB5DA25BFBBA600E6CC35 /* Debug */,
				4BDAB5DB25BFBBA600E6CC35 /* Release */,
			);
			defaultConfigurationIsVisible = 0;
			defaultConfigurationName = Release;
		};
/* End XCConfigurationList section */

/* Begin XCRemoteSwiftPackageReference section */
		4B98666828910761002912A4 /* XCRemoteSwiftPackageReference "LetterCase" */ = {
			isa = XCRemoteSwiftPackageReference;
			repositoryURL = "https://github.com/rwbutler/LetterCase";
			requirement = {
				kind = upToNextMajorVersion;
				minimumVersion = 1.0.0;
			};
		};
		4BC64F6826B1A0D80091CE9A /* XCRemoteSwiftPackageReference "MondrianLayout" */ = {
			isa = XCRemoteSwiftPackageReference;
			repositoryURL = "https://github.com/muukii/MondrianLayout.git";
			requirement = {
				kind = upToNextMajorVersion;
				minimumVersion = 0.0.11;
			};
		};
		4BC6D47026FDCF2B00E7D5C0 /* XCRemoteSwiftPackageReference "Verge" */ = {
			isa = XCRemoteSwiftPackageReference;
			repositoryURL = "https://github.com/VergeGroup/Verge.git";
			requirement = {
				kind = upToNextMajorVersion;
				minimumVersion = 8.0.0;
			};
		};
/* End XCRemoteSwiftPackageReference section */

/* Begin XCSwiftPackageProductDependency section */
		4B8A68562891097A0047FAA2 /* LetterCase */ = {
			isa = XCSwiftPackageProductDependency;
			package = 4B98666828910761002912A4 /* XCRemoteSwiftPackageReference "LetterCase" */;
			productName = LetterCase;
		};
		4B98666928910761002912A4 /* LetterCase */ = {
			isa = XCSwiftPackageProductDependency;
			package = 4B98666828910761002912A4 /* XCRemoteSwiftPackageReference "LetterCase" */;
			productName = LetterCase;
		};
		4BC64F6926B1A0D80091CE9A /* MondrianLayout */ = {
			isa = XCSwiftPackageProductDependency;
			package = 4BC64F6826B1A0D80091CE9A /* XCRemoteSwiftPackageReference "MondrianLayout" */;
			productName = MondrianLayout;
		};
		4BC6D47126FDCF2B00E7D5C0 /* Verge */ = {
			isa = XCSwiftPackageProductDependency;
			package = 4BC6D47026FDCF2B00E7D5C0 /* XCRemoteSwiftPackageReference "Verge" */;
			productName = Verge;
		};
		4BC6D47326FDCF2B00E7D5C0 /* VergeORM */ = {
			isa = XCSwiftPackageProductDependency;
			package = 4BC6D47026FDCF2B00E7D5C0 /* XCRemoteSwiftPackageReference "Verge" */;
			productName = VergeORM;
		};
		4BC6D47526FDCF2B00E7D5C0 /* VergeRx */ = {
			isa = XCSwiftPackageProductDependency;
			package = 4BC6D47026FDCF2B00E7D5C0 /* XCRemoteSwiftPackageReference "Verge" */;
			productName = VergeRx;
		};
		4BC6D47726FDCF2B00E7D5C0 /* VergeTiny */ = {
			isa = XCSwiftPackageProductDependency;
			package = 4BC6D47026FDCF2B00E7D5C0 /* XCRemoteSwiftPackageReference "Verge" */;
			productName = VergeTiny;
		};
/* End XCSwiftPackageProductDependency section */
	};
	rootObject = 4BDAB5C825BFBBA600E6CC35 /* Project object */;
}
