// !$*UTF8*$!
{
	archiveVersion = 1;
	classes = {
	};
	objectVersion = 52;
	objects = {

/* Begin PBXBuildFile section */
		4B01C2B924A52E4700F514B7 /* BookMatchedAnimationView.swift in Sources */ = {isa = PBXBuildFile; fileRef = 4B01C2B824A52E4700F514B7 /* BookMatchedAnimationView.swift */; };
		4B0C13B82858B0B800E6474C /* BookAbstractMovementView.swift in Sources */ = {isa = PBXBuildFile; fileRef = 4B0C13B72858B0B800E6474C /* BookAbstractMovementView.swift */; };
		4B1057C92832B41900888685 /* BookDynamicPropertyView.swift in Sources */ = {isa = PBXBuildFile; fileRef = 4B1057C82832B41900888685 /* BookDynamicPropertyView.swift */; };
		4B30FCE424B235C600C46FFD /* BookMessengerAppView.swift in Sources */ = {isa = PBXBuildFile; fileRef = 4B30FCE324B235C600C46FFD /* BookMessengerAppView.swift */; };
		4B30FCE624B2361100C46FFD /* Mocks.swift in Sources */ = {isa = PBXBuildFile; fileRef = 4B30FCE524B2361100C46FFD /* Mocks.swift */; };
		4B31017D2300643E006788EF /* CustomButtonView.swift in Sources */ = {isa = PBXBuildFile; fileRef = 4B31017C2300643E006788EF /* CustomButtonView.swift */; };
		4B3480FA28795F9000446AC4 /* BookDonuts.swift in Sources */ = {isa = PBXBuildFile; fileRef = 4B3480F928795F9000446AC4 /* BookDonuts.swift */; };
		4B3480FC287968C600446AC4 /* BookTinySwitch.swift in Sources */ = {isa = PBXBuildFile; fileRef = 4B3480FB287968C600446AC4 /* BookTinySwitch.swift */; };
		4B3ED5FD232E4A5400D68739 /* IgnoringSafeAreaInsetsView.swift in Sources */ = {isa = PBXBuildFile; fileRef = 4B3ED5FC232E4A5400D68739 /* IgnoringSafeAreaInsetsView.swift */; };
		4B45AA5A24AC97F6003863AF /* BookDragView.swift in Sources */ = {isa = PBXBuildFile; fileRef = 4B45AA5924AC97F6003863AF /* BookDragView.swift */; };
		4B45AA5C24ACA187003863AF /* Utility.swift in Sources */ = {isa = PBXBuildFile; fileRef = 4B45AA5B24ACA187003863AF /* Utility.swift */; };
		4B5A3106287352C800DC7619 /* Verge in Frameworks */ = {isa = PBXBuildFile; productRef = 4B5A3105287352C800DC7619 /* Verge */; };
		4B5A310F287352E800DC7619 /* MyStaticFramework.h in Headers */ = {isa = PBXBuildFile; fileRef = 4B5A310E287352E800DC7619 /* MyStaticFramework.h */; settings = {ATTRIBUTES = (Public, ); }; };
		4B5A3112287352E800DC7619 /* MyStaticFramework.framework in Frameworks */ = {isa = PBXBuildFile; fileRef = 4B5A310C287352E700DC7619 /* MyStaticFramework.framework */; };
		4B5A3118287352FB00DC7619 /* SwiftUIView.swift in Sources */ = {isa = PBXBuildFile; fileRef = 4B5A3117287352FB00DC7619 /* SwiftUIView.swift */; };
		4B5B3B53288C616E00F514E2 /* BookJoystick.swift in Sources */ = {isa = PBXBuildFile; fileRef = 4B5B3B52288C616E00F514E2 /* BookJoystick.swift */; };
		4B5B3B55288C739200F514E2 /* CGGeometry+.swift in Sources */ = {isa = PBXBuildFile; fileRef = 4B5B3B54288C739200F514E2 /* CGGeometry+.swift */; };
		4B5B3B58288D08E000F514E2 /* SwiftUIKitView in Frameworks */ = {isa = PBXBuildFile; productRef = 4B5B3B57288D08E000F514E2 /* SwiftUIKitView */; };
		4B5B3B5A288D213D00F514E2 /* GestureVelocity.swift in Sources */ = {isa = PBXBuildFile; fileRef = 4B5B3B59288D213D00F514E2 /* GestureVelocity.swift */; };
		4B5F6A3B282C05390067D44A /* BookPrivacyView.swift in Sources */ = {isa = PBXBuildFile; fileRef = 4B5F6A3A282C05390067D44A /* BookPrivacyView.swift */; };
		4B6E7B5C285BA1070010CF85 /* PreviewLogger in Frameworks */ = {isa = PBXBuildFile; productRef = 4B6E7B5B285BA1070010CF85 /* PreviewLogger */; };
		4B73C6582860BB3E00BFFCCE /* ThrowingGroup.swift in Sources */ = {isa = PBXBuildFile; fileRef = 4B73C6572860BB3E00BFFCCE /* ThrowingGroup.swift */; };
		4B7E90D12858FFC7005BC862 /* swiftui-color in Frameworks */ = {isa = PBXBuildFile; productRef = 4B7E90D02858FFC7005BC862 /* swiftui-color */; };
		4B8D388C287F072C006380F3 /* BookLozenge.swift in Sources */ = {isa = PBXBuildFile; fileRef = 4B8D388B287F072C006380F3 /* BookLozenge.swift */; };
		4B93EC5A232F6312002BB30B /* PublishedContentView.swift in Sources */ = {isa = PBXBuildFile; fileRef = 4B93EC59232F6312002BB30B /* PublishedContentView.swift */; };
		4B93EC5D232F6898002BB30B /* FluxContentView.swift in Sources */ = {isa = PBXBuildFile; fileRef = 4B93EC5C232F6898002BB30B /* FluxContentView.swift */; };
		4B93EC61232FED89002BB30B /* Verge.swift in Sources */ = {isa = PBXBuildFile; fileRef = 4B93EC60232FED89002BB30B /* Verge.swift */; };
		4B961CAF24C2E30000EEA49A /* BookGridView.swift in Sources */ = {isa = PBXBuildFile; fileRef = 4B961CAE24C2E30000EEA49A /* BookGridView.swift */; };
		4BA373582495C23E00AE4F6C /* Component.h in Headers */ = {isa = PBXBuildFile; fileRef = 4BA373562495C23E00AE4F6C /* Component.h */; settings = {ATTRIBUTES = (Public, ); }; };
		4BA3735B2495C23E00AE4F6C /* Component.framework in Frameworks */ = {isa = PBXBuildFile; fileRef = 4BA373542495C23E00AE4F6C /* Component.framework */; };
		4BA3735C2495C23E00AE4F6C /* Component.framework in Embed Frameworks */ = {isa = PBXBuildFile; fileRef = 4BA373542495C23E00AE4F6C /* Component.framework */; settings = {ATTRIBUTES = (CodeSignOnCopy, RemoveHeadersOnCopy, ); }; };
		4BA373622495C24500AE4F6C /* SwiftUI.framework in Frameworks */ = {isa = PBXBuildFile; fileRef = 4BA373612495C24500AE4F6C /* SwiftUI.framework */; };
		4BA373642495C2A000AE4F6C /* VergeLogoView.swift in Sources */ = {isa = PBXBuildFile; fileRef = 4BA373632495C2A000AE4F6C /* VergeLogoView.swift */; };
		4BA585D8282C041000F2C1E1 /* RevealServer.xcframework in Frameworks */ = {isa = PBXBuildFile; fileRef = 4BA585D6282C040A00F2C1E1 /* RevealServer.xcframework */; };
		4BA585D9282C041000F2C1E1 /* RevealServer.xcframework in Embed Frameworks */ = {isa = PBXBuildFile; fileRef = 4BA585D6282C040A00F2C1E1 /* RevealServer.xcframework */; settings = {ATTRIBUTES = (CodeSignOnCopy, RemoveHeadersOnCopy, ); }; };
		4BA6491823DCA9B600F3CCEB /* MountUnmountTransitionView.swift in Sources */ = {isa = PBXBuildFile; fileRef = 4BA6491723DCA9B600F3CCEB /* MountUnmountTransitionView.swift */; };
		4BC2E93A24CD3361006A241D /* BookPlaceholderView.swift in Sources */ = {isa = PBXBuildFile; fileRef = 4BC2E93924CD3361006A241D /* BookPlaceholderView.swift */; };
		4BCA228424B2C08000C29B1E /* BookTransitionShapeView.swift in Sources */ = {isa = PBXBuildFile; fileRef = 4BCA228324B2C08000C29B1E /* BookTransitionShapeView.swift */; };
		4BCA228624B2C0A300C29B1E /* BookView.swift in Sources */ = {isa = PBXBuildFile; fileRef = 4BCA228524B2C0A300C29B1E /* BookView.swift */; };
		4BEDA87A285B07CF00E69954 /* BookAttributedStrings.swift in Sources */ = {isa = PBXBuildFile; fileRef = 4BEDA879285B07CF00E69954 /* BookAttributedStrings.swift */; };
		4BF98F6D22EDF81700227849 /* AppDelegate.swift in Sources */ = {isa = PBXBuildFile; fileRef = 4BF98F6C22EDF81700227849 /* AppDelegate.swift */; };
		4BF98F6F22EDF81700227849 /* SceneDelegate.swift in Sources */ = {isa = PBXBuildFile; fileRef = 4BF98F6E22EDF81700227849 /* SceneDelegate.swift */; };
		4BF98F7122EDF81700227849 /* ContentView.swift in Sources */ = {isa = PBXBuildFile; fileRef = 4BF98F7022EDF81700227849 /* ContentView.swift */; };
		4BF98F7322EDF81700227849 /* Assets.xcassets in Resources */ = {isa = PBXBuildFile; fileRef = 4BF98F7222EDF81700227849 /* Assets.xcassets */; };
		4BF98F7622EDF81700227849 /* Preview Assets.xcassets in Resources */ = {isa = PBXBuildFile; fileRef = 4BF98F7522EDF81700227849 /* Preview Assets.xcassets */; };
		4BF98F7922EDF81700227849 /* LaunchScreen.storyboard in Resources */ = {isa = PBXBuildFile; fileRef = 4BF98F7722EDF81700227849 /* LaunchScreen.storyboard */; };
		4BF98F8322EDF84500227849 /* MultipleModalView.swift in Sources */ = {isa = PBXBuildFile; fileRef = 4BF98F8222EDF84500227849 /* MultipleModalView.swift */; };
/* End PBXBuildFile section */

/* Begin PBXContainerItemProxy section */
		4B5A3110287352E800DC7619 /* PBXContainerItemProxy */ = {
			isa = PBXContainerItemProxy;
			containerPortal = 4BF98F6122EDF81700227849 /* Project object */;
			proxyType = 1;
			remoteGlobalIDString = 4B5A310B287352E700DC7619;
			remoteInfo = MyStaticFramework;
		};
		4BA373592495C23E00AE4F6C /* PBXContainerItemProxy */ = {
			isa = PBXContainerItemProxy;
			containerPortal = 4BF98F6122EDF81700227849 /* Project object */;
			proxyType = 1;
			remoteGlobalIDString = 4BA373532495C23E00AE4F6C;
			remoteInfo = Component;
		};
/* End PBXContainerItemProxy section */

/* Begin PBXCopyFilesBuildPhase section */
		4B3101822300663C006788EF /* Embed Frameworks */ = {
			isa = PBXCopyFilesBuildPhase;
			buildActionMask = 2147483647;
			dstPath = "";
			dstSubfolderSpec = 10;
			files = (
				4BA3735C2495C23E00AE4F6C /* Component.framework in Embed Frameworks */,
				4BA585D9282C041000F2C1E1 /* RevealServer.xcframework in Embed Frameworks */,
			);
			name = "Embed Frameworks";
			runOnlyForDeploymentPostprocessing = 0;
		};
/* End PBXCopyFilesBuildPhase section */

/* Begin PBXFileReference section */
		4B01C2B824A52E4700F514B7 /* BookMatchedAnimationView.swift */ = {isa = PBXFileReference; lastKnownFileType = sourcecode.swift; path = BookMatchedAnimationView.swift; sourceTree = "<group>"; };
		4B0C13B72858B0B800E6474C /* BookAbstractMovementView.swift */ = {isa = PBXFileReference; lastKnownFileType = sourcecode.swift; path = BookAbstractMovementView.swift; sourceTree = "<group>"; };
		4B1057C82832B41900888685 /* BookDynamicPropertyView.swift */ = {isa = PBXFileReference; lastKnownFileType = sourcecode.swift; path = BookDynamicPropertyView.swift; sourceTree = "<group>"; };
		4B2A23FD286DDCCB00FD1E98 /* LocalPackage */ = {isa = PBXFileReference; lastKnownFileType = wrapper; path = LocalPackage; sourceTree = "<group>"; };
		4B30FCE324B235C600C46FFD /* BookMessengerAppView.swift */ = {isa = PBXFileReference; lastKnownFileType = sourcecode.swift; path = BookMessengerAppView.swift; sourceTree = "<group>"; };
		4B30FCE524B2361100C46FFD /* Mocks.swift */ = {isa = PBXFileReference; lastKnownFileType = sourcecode.swift; path = Mocks.swift; sourceTree = "<group>"; };
		4B31017C2300643E006788EF /* CustomButtonView.swift */ = {isa = PBXFileReference; lastKnownFileType = sourcecode.swift; path = CustomButtonView.swift; sourceTree = "<group>"; };
		4B3480F928795F9000446AC4 /* BookDonuts.swift */ = {isa = PBXFileReference; lastKnownFileType = sourcecode.swift; path = BookDonuts.swift; sourceTree = "<group>"; };
		4B3480FB287968C600446AC4 /* BookTinySwitch.swift */ = {isa = PBXFileReference; lastKnownFileType = sourcecode.swift; path = BookTinySwitch.swift; sourceTree = "<group>"; };
		4B3ED5FC232E4A5400D68739 /* IgnoringSafeAreaInsetsView.swift */ = {isa = PBXFileReference; lastKnownFileType = sourcecode.swift; path = IgnoringSafeAreaInsetsView.swift; sourceTree = "<group>"; };
		4B45AA5924AC97F6003863AF /* BookDragView.swift */ = {isa = PBXFileReference; lastKnownFileType = sourcecode.swift; path = BookDragView.swift; sourceTree = "<group>"; };
		4B45AA5B24ACA187003863AF /* Utility.swift */ = {isa = PBXFileReference; lastKnownFileType = sourcecode.swift; path = Utility.swift; sourceTree = "<group>"; };
		4B5A310C287352E700DC7619 /* MyStaticFramework.framework */ = {isa = PBXFileReference; explicitFileType = wrapper.framework; includeInIndex = 0; path = MyStaticFramework.framework; sourceTree = BUILT_PRODUCTS_DIR; };
		4B5A310E287352E800DC7619 /* MyStaticFramework.h */ = {isa = PBXFileReference; lastKnownFileType = sourcecode.c.h; path = MyStaticFramework.h; sourceTree = "<group>"; };
		4B5A3117287352FB00DC7619 /* SwiftUIView.swift */ = {isa = PBXFileReference; lastKnownFileType = sourcecode.swift; path = SwiftUIView.swift; sourceTree = "<group>"; };
		4B5B3B52288C616E00F514E2 /* BookJoystick.swift */ = {isa = PBXFileReference; lastKnownFileType = sourcecode.swift; path = BookJoystick.swift; sourceTree = "<group>"; };
		4B5B3B54288C739200F514E2 /* CGGeometry+.swift */ = {isa = PBXFileReference; lastKnownFileType = sourcecode.swift; path = "CGGeometry+.swift"; sourceTree = "<group>"; };
		4B5B3B59288D213D00F514E2 /* GestureVelocity.swift */ = {isa = PBXFileReference; lastKnownFileType = sourcecode.swift; path = GestureVelocity.swift; sourceTree = "<group>"; };
		4B5F6A3A282C05390067D44A /* BookPrivacyView.swift */ = {isa = PBXFileReference; lastKnownFileType = sourcecode.swift; path = BookPrivacyView.swift; sourceTree = "<group>"; };
		4B6E7B5A285BA0F90010CF85 /* swiftui-preview-logger */ = {isa = PBXFileReference; lastKnownFileType = wrapper; name = "swiftui-preview-logger"; path = "../submodules/swiftui-preview-logger"; sourceTree = "<group>"; };
		4B73C6572860BB3E00BFFCCE /* ThrowingGroup.swift */ = {isa = PBXFileReference; lastKnownFileType = sourcecode.swift; path = ThrowingGroup.swift; sourceTree = "<group>"; };
		4B8D388B287F072C006380F3 /* BookLozenge.swift */ = {isa = PBXFileReference; lastKnownFileType = sourcecode.swift; path = BookLozenge.swift; sourceTree = "<group>"; };
		4B93EC59232F6312002BB30B /* PublishedContentView.swift */ = {isa = PBXFileReference; lastKnownFileType = sourcecode.swift; path = PublishedContentView.swift; sourceTree = "<group>"; };
		4B93EC5C232F6898002BB30B /* FluxContentView.swift */ = {isa = PBXFileReference; lastKnownFileType = sourcecode.swift; path = FluxContentView.swift; sourceTree = "<group>"; };
		4B93EC60232FED89002BB30B /* Verge.swift */ = {isa = PBXFileReference; lastKnownFileType = sourcecode.swift; path = Verge.swift; sourceTree = "<group>"; };
		4B961CAE24C2E30000EEA49A /* BookGridView.swift */ = {isa = PBXFileReference; lastKnownFileType = sourcecode.swift; path = BookGridView.swift; sourceTree = "<group>"; };
		4BA373542495C23E00AE4F6C /* Component.framework */ = {isa = PBXFileReference; explicitFileType = wrapper.framework; includeInIndex = 0; path = Component.framework; sourceTree = BUILT_PRODUCTS_DIR; };
		4BA373562495C23E00AE4F6C /* Component.h */ = {isa = PBXFileReference; lastKnownFileType = sourcecode.c.h; path = Component.h; sourceTree = "<group>"; };
		4BA373572495C23E00AE4F6C /* Info.plist */ = {isa = PBXFileReference; lastKnownFileType = text.plist.xml; path = Info.plist; sourceTree = "<group>"; };
		4BA373612495C24500AE4F6C /* SwiftUI.framework */ = {isa = PBXFileReference; lastKnownFileType = wrapper.framework; name = SwiftUI.framework; path = Platforms/MacOSX.platform/Developer/SDKs/MacOSX10.15.sdk/System/Library/Frameworks/SwiftUI.framework; sourceTree = DEVELOPER_DIR; };
		4BA373632495C2A000AE4F6C /* VergeLogoView.swift */ = {isa = PBXFileReference; lastKnownFileType = sourcecode.swift; path = VergeLogoView.swift; sourceTree = "<group>"; };
		4BA585D6282C040A00F2C1E1 /* RevealServer.xcframework */ = {isa = PBXFileReference; lastKnownFileType = wrapper.xcframework; path = RevealServer.xcframework; sourceTree = "<group>"; };
		4BA6491723DCA9B600F3CCEB /* MountUnmountTransitionView.swift */ = {isa = PBXFileReference; lastKnownFileType = sourcecode.swift; path = MountUnmountTransitionView.swift; sourceTree = "<group>"; };
		4BC2E93924CD3361006A241D /* BookPlaceholderView.swift */ = {isa = PBXFileReference; lastKnownFileType = sourcecode.swift; path = BookPlaceholderView.swift; sourceTree = "<group>"; };
		4BCA228324B2C08000C29B1E /* BookTransitionShapeView.swift */ = {isa = PBXFileReference; lastKnownFileType = sourcecode.swift; path = BookTransitionShapeView.swift; sourceTree = "<group>"; };
		4BCA228524B2C0A300C29B1E /* BookView.swift */ = {isa = PBXFileReference; lastKnownFileType = sourcecode.swift; path = BookView.swift; sourceTree = "<group>"; };
		4BEDA879285B07CF00E69954 /* BookAttributedStrings.swift */ = {isa = PBXFileReference; lastKnownFileType = sourcecode.swift; path = BookAttributedStrings.swift; sourceTree = "<group>"; };
		4BF98F6922EDF81700227849 /* SwiftUIBook.app */ = {isa = PBXFileReference; explicitFileType = wrapper.application; includeInIndex = 0; path = SwiftUIBook.app; sourceTree = BUILT_PRODUCTS_DIR; };
		4BF98F6C22EDF81700227849 /* AppDelegate.swift */ = {isa = PBXFileReference; lastKnownFileType = sourcecode.swift; path = AppDelegate.swift; sourceTree = "<group>"; };
		4BF98F6E22EDF81700227849 /* SceneDelegate.swift */ = {isa = PBXFileReference; lastKnownFileType = sourcecode.swift; path = SceneDelegate.swift; sourceTree = "<group>"; };
		4BF98F7022EDF81700227849 /* ContentView.swift */ = {isa = PBXFileReference; lastKnownFileType = sourcecode.swift; path = ContentView.swift; sourceTree = "<group>"; };
		4BF98F7222EDF81700227849 /* Assets.xcassets */ = {isa = PBXFileReference; lastKnownFileType = folder.assetcatalog; path = Assets.xcassets; sourceTree = "<group>"; };
		4BF98F7522EDF81700227849 /* Preview Assets.xcassets */ = {isa = PBXFileReference; lastKnownFileType = folder.assetcatalog; path = "Preview Assets.xcassets"; sourceTree = "<group>"; };
		4BF98F7822EDF81700227849 /* Base */ = {isa = PBXFileReference; lastKnownFileType = file.storyboard; name = Base; path = Base.lproj/LaunchScreen.storyboard; sourceTree = "<group>"; };
		4BF98F7A22EDF81700227849 /* Info.plist */ = {isa = PBXFileReference; lastKnownFileType = text.plist.xml; path = Info.plist; sourceTree = "<group>"; };
		4BF98F8222EDF84500227849 /* MultipleModalView.swift */ = {isa = PBXFileReference; lastKnownFileType = sourcecode.swift; path = MultipleModalView.swift; sourceTree = "<group>"; };
/* End PBXFileReference section */

/* Begin PBXFrameworksBuildPhase section */
		4B5A3109287352E700DC7619 /* Frameworks */ = {
			isa = PBXFrameworksBuildPhase;
			buildActionMask = 2147483647;
			files = (
			);
			runOnlyForDeploymentPostprocessing = 0;
		};
		4BA373512495C23E00AE4F6C /* Frameworks */ = {
			isa = PBXFrameworksBuildPhase;
			buildActionMask = 2147483647;
			files = (
				4B5A3106287352C800DC7619 /* Verge in Frameworks */,
				4BA373622495C24500AE4F6C /* SwiftUI.framework in Frameworks */,
			);
			runOnlyForDeploymentPostprocessing = 0;
		};
		4BF98F6622EDF81700227849 /* Frameworks */ = {
			isa = PBXFrameworksBuildPhase;
			buildActionMask = 2147483647;
			files = (
				4B7E90D12858FFC7005BC862 /* swiftui-color in Frameworks */,
				4B5A3112287352E800DC7619 /* MyStaticFramework.framework in Frameworks */,
				4BA3735B2495C23E00AE4F6C /* Component.framework in Frameworks */,
				4BA585D8282C041000F2C1E1 /* RevealServer.xcframework in Frameworks */,
				4B5B3B58288D08E000F514E2 /* SwiftUIKitView in Frameworks */,
				4B6E7B5C285BA1070010CF85 /* PreviewLogger in Frameworks */,
			);
			runOnlyForDeploymentPostprocessing = 0;
		};
/* End PBXFrameworksBuildPhase section */

/* Begin PBXGroup section */
		4B31017B2300642C006788EF /* CustomButton */ = {
			isa = PBXGroup;
			children = (
				4B31017C2300643E006788EF /* CustomButtonView.swift */,
			);
			path = CustomButton;
			sourceTree = "<group>";
		};
		4B3ED5FB232E4A3E00D68739 /* IgnoreringSafeAreaInsets */ = {
			isa = PBXGroup;
			children = (
				4B3ED5FC232E4A5400D68739 /* IgnoringSafeAreaInsetsView.swift */,
			);
			path = IgnoreringSafeAreaInsets;
			sourceTree = "<group>";
		};
		4B5A310D287352E800DC7619 /* MyStaticFramework */ = {
			isa = PBXGroup;
			children = (
				4B5A310E287352E800DC7619 /* MyStaticFramework.h */,
				4B5A3117287352FB00DC7619 /* SwiftUIView.swift */,
			);
			path = MyStaticFramework;
			sourceTree = "<group>";
		};
		4B5F6A39282C04D50067D44A /* Privacy */ = {
			isa = PBXGroup;
			children = (
				4B5F6A3A282C05390067D44A /* BookPrivacyView.swift */,
			);
			path = Privacy;
			sourceTree = "<group>";
		};
		4B73C6562860BB2D00BFFCCE /* Library */ = {
			isa = PBXGroup;
			children = (
				4B73C6572860BB3E00BFFCCE /* ThrowingGroup.swift */,
				4B5B3B54288C739200F514E2 /* CGGeometry+.swift */,
				4B5B3B59288D213D00F514E2 /* GestureVelocity.swift */,
			);
			path = Library;
			sourceTree = "<group>";
		};
		4B93EC58232F6304002BB30B /* Published */ = {
			isa = PBXGroup;
			children = (
				4B93EC59232F6312002BB30B /* PublishedContentView.swift */,
			);
			path = Published;
			sourceTree = "<group>";
		};
		4B93EC5B232F687E002BB30B /* Flux */ = {
			isa = PBXGroup;
			children = (
				4B93EC5C232F6898002BB30B /* FluxContentView.swift */,
				4B93EC60232FED89002BB30B /* Verge.swift */,
			);
			path = Flux;
			sourceTree = "<group>";
		};
		4BA373552495C23E00AE4F6C /* Component */ = {
			isa = PBXGroup;
			children = (
				4BA373562495C23E00AE4F6C /* Component.h */,
				4BA373632495C2A000AE4F6C /* VergeLogoView.swift */,
				4BA373572495C23E00AE4F6C /* Info.plist */,
			);
			path = Component;
			sourceTree = "<group>";
		};
		4BA373602495C24400AE4F6C /* Frameworks */ = {
			isa = PBXGroup;
			children = (
				4BA373612495C24500AE4F6C /* SwiftUI.framework */,
			);
			name = Frameworks;
			sourceTree = "<group>";
		};
		4BF98F6022EDF81700227849 = {
			isa = PBXGroup;
			children = (
				4B2A23FD286DDCCB00FD1E98 /* LocalPackage */,
				4B6E7B5A285BA0F90010CF85 /* swiftui-preview-logger */,
				4BA585D6282C040A00F2C1E1 /* RevealServer.xcframework */,
				4BF98F6B22EDF81700227849 /* SwiftUIBook */,
				4BA373552495C23E00AE4F6C /* Component */,
				4B5A310D287352E800DC7619 /* MyStaticFramework */,
				4BF98F6A22EDF81700227849 /* Products */,
				4BA373602495C24400AE4F6C /* Frameworks */,
			);
			sourceTree = "<group>";
		};
		4BF98F6A22EDF81700227849 /* Products */ = {
			isa = PBXGroup;
			children = (
				4BF98F6922EDF81700227849 /* SwiftUIBook.app */,
				4BA373542495C23E00AE4F6C /* Component.framework */,
				4B5A310C287352E700DC7619 /* MyStaticFramework.framework */,
			);
			name = Products;
			sourceTree = "<group>";
		};
		4BF98F6B22EDF81700227849 /* SwiftUIBook */ = {
			isa = PBXGroup;
			children = (
				4B73C6562860BB2D00BFFCCE /* Library */,
				4B30FCE524B2361100C46FFD /* Mocks.swift */,
				4BF98F8022EDF81E00227849 /* Screens */,
				4BF98F6C22EDF81700227849 /* AppDelegate.swift */,
				4BF98F6E22EDF81700227849 /* SceneDelegate.swift */,
				4BF98F7022EDF81700227849 /* ContentView.swift */,
				4BF98F7222EDF81700227849 /* Assets.xcassets */,
				4BF98F7722EDF81700227849 /* LaunchScreen.storyboard */,
				4BF98F7A22EDF81700227849 /* Info.plist */,
				4BF98F7422EDF81700227849 /* Preview Content */,
				4B45AA5B24ACA187003863AF /* Utility.swift */,
			);
			path = SwiftUIBook;
			sourceTree = "<group>";
		};
		4BF98F7422EDF81700227849 /* Preview Content */ = {
			isa = PBXGroup;
			children = (
				4BF98F7522EDF81700227849 /* Preview Assets.xcassets */,
			);
			path = "Preview Content";
			sourceTree = "<group>";
		};
		4BF98F8022EDF81E00227849 /* Screens */ = {
			isa = PBXGroup;
			children = (
				4B5F6A39282C04D50067D44A /* Privacy */,
				4BCA228524B2C0A300C29B1E /* BookView.swift */,
				4B01C2B824A52E4700F514B7 /* BookMatchedAnimationView.swift */,
				4B93EC5B232F687E002BB30B /* Flux */,
				4B93EC58232F6304002BB30B /* Published */,
				4B3ED5FB232E4A3E00D68739 /* IgnoreringSafeAreaInsets */,
				4B31017B2300642C006788EF /* CustomButton */,
				4BF98F8122EDF82600227849 /* MultipleModal */,
				4BA6491723DCA9B600F3CCEB /* MountUnmountTransitionView.swift */,
				4B45AA5924AC97F6003863AF /* BookDragView.swift */,
				4B30FCE324B235C600C46FFD /* BookMessengerAppView.swift */,
				4BCA228324B2C08000C29B1E /* BookTransitionShapeView.swift */,
				4B961CAE24C2E30000EEA49A /* BookGridView.swift */,
				4BC2E93924CD3361006A241D /* BookPlaceholderView.swift */,
				4B1057C82832B41900888685 /* BookDynamicPropertyView.swift */,
				4B0C13B72858B0B800E6474C /* BookAbstractMovementView.swift */,
				4BEDA879285B07CF00E69954 /* BookAttributedStrings.swift */,
				4B3480F928795F9000446AC4 /* BookDonuts.swift */,
				4B3480FB287968C600446AC4 /* BookTinySwitch.swift */,
				4B8D388B287F072C006380F3 /* BookLozenge.swift */,
				4B5B3B52288C616E00F514E2 /* BookJoystick.swift */,
			);
			path = Screens;
			sourceTree = "<group>";
		};
		4BF98F8122EDF82600227849 /* MultipleModal */ = {
			isa = PBXGroup;
			children = (
				4BF98F8222EDF84500227849 /* MultipleModalView.swift */,
			);
			path = MultipleModal;
			sourceTree = "<group>";
		};
/* End PBXGroup section */

/* Begin PBXHeadersBuildPhase section */
		4B5A3107287352E700DC7619 /* Headers */ = {
			isa = PBXHeadersBuildPhase;
			buildActionMask = 2147483647;
			files = (
				4B5A310F287352E800DC7619 /* MyStaticFramework.h in Headers */,
			);
			runOnlyForDeploymentPostprocessing = 0;
		};
		4BA3734F2495C23E00AE4F6C /* Headers */ = {
			isa = PBXHeadersBuildPhase;
			buildActionMask = 2147483647;
			files = (
				4BA373582495C23E00AE4F6C /* Component.h in Headers */,
			);
			runOnlyForDeploymentPostprocessing = 0;
		};
/* End PBXHeadersBuildPhase section */

/* Begin PBXNativeTarget section */
		4B5A310B287352E700DC7619 /* MyStaticFramework */ = {
			isa = PBXNativeTarget;
			buildConfigurationList = 4B5A3114287352E800DC7619 /* Build configuration list for PBXNativeTarget "MyStaticFramework" */;
			buildPhases = (
				4B5A3107287352E700DC7619 /* Headers */,
				4B5A3108287352E700DC7619 /* Sources */,
				4B5A3109287352E700DC7619 /* Frameworks */,
				4B5A310A287352E700DC7619 /* Resources */,
			);
			buildRules = (
			);
			dependencies = (
			);
			name = MyStaticFramework;
			productName = MyStaticFramework;
			productReference = 4B5A310C287352E700DC7619 /* MyStaticFramework.framework */;
			productType = "com.apple.product-type.framework";
		};
		4BA373532495C23E00AE4F6C /* Component */ = {
			isa = PBXNativeTarget;
			buildConfigurationList = 4BA3735F2495C23E00AE4F6C /* Build configuration list for PBXNativeTarget "Component" */;
			buildPhases = (
				4BA3734F2495C23E00AE4F6C /* Headers */,
				4BA373502495C23E00AE4F6C /* Sources */,
				4BA373512495C23E00AE4F6C /* Frameworks */,
				4BA373522495C23E00AE4F6C /* Resources */,
			);
			buildRules = (
			);
			dependencies = (
			);
			name = Component;
			packageProductDependencies = (
				4B5A3105287352C800DC7619 /* Verge */,
			);
			productName = Component;
			productReference = 4BA373542495C23E00AE4F6C /* Component.framework */;
			productType = "com.apple.product-type.framework";
		};
		4BF98F6822EDF81700227849 /* SwiftUIBook */ = {
			isa = PBXNativeTarget;
			buildConfigurationList = 4BF98F7D22EDF81700227849 /* Build configuration list for PBXNativeTarget "SwiftUIBook" */;
			buildPhases = (
				4BF98F6522EDF81700227849 /* Sources */,
				4BF98F6622EDF81700227849 /* Frameworks */,
				4BF98F6722EDF81700227849 /* Resources */,
				4B3101822300663C006788EF /* Embed Frameworks */,
			);
			buildRules = (
			);
			dependencies = (
				4B5B27B0285BA1D60052529F /* PBXTargetDependency */,
				4B5B27B2285BA1D60052529F /* PBXTargetDependency */,
				4BA3735A2495C23E00AE4F6C /* PBXTargetDependency */,
				4B5A3111287352E800DC7619 /* PBXTargetDependency */,
			);
			name = SwiftUIBook;
			packageProductDependencies = (
				4B7E90D02858FFC7005BC862 /* swiftui-color */,
				4B6E7B5B285BA1070010CF85 /* PreviewLogger */,
				4B5B3B57288D08E000F514E2 /* SwiftUIKitView */,
			);
			productName = SwiftUIBook;
			productReference = 4BF98F6922EDF81700227849 /* SwiftUIBook.app */;
			productType = "com.apple.product-type.application";
		};
/* End PBXNativeTarget section */

/* Begin PBXProject section */
		4BF98F6122EDF81700227849 /* Project object */ = {
			isa = PBXProject;
			attributes = {
				LastSwiftUpdateCheck = 1100;
				LastUpgradeCheck = 1330;
				ORGANIZATIONNAME = muukii;
				TargetAttributes = {
					4B5A310B287352E700DC7619 = {
						CreatedOnToolsVersion = 13.4.1;
						LastSwiftMigration = 1340;
					};
					4BA373532495C23E00AE4F6C = {
						CreatedOnToolsVersion = 11.5;
						LastSwiftMigration = 1150;
					};
					4BF98F6822EDF81700227849 = {
						CreatedOnToolsVersion = 11.0;
					};
				};
			};
			buildConfigurationList = 4BF98F6422EDF81700227849 /* Build configuration list for PBXProject "SwiftUIBook" */;
			compatibilityVersion = "Xcode 9.3";
			developmentRegion = en;
			hasScannedForEncodings = 0;
			knownRegions = (
				en,
				Base,
			);
			mainGroup = 4BF98F6022EDF81700227849;
			packageReferences = (
				4B7E90CF2858FFC7005BC862 /* XCRemoteSwiftPackageReference "swiftui-color" */,
				4BD8ADBE286DE52E00730CA2 /* XCRemoteSwiftPackageReference "Verge" */,
				4B5B3B56288D08E000F514E2 /* XCRemoteSwiftPackageReference "SwiftUIKitView" */,
			);
			productRefGroup = 4BF98F6A22EDF81700227849 /* Products */;
			projectDirPath = "";
			projectRoot = "";
			targets = (
				4BF98F6822EDF81700227849 /* SwiftUIBook */,
				4BA373532495C23E00AE4F6C /* Component */,
				4B5A310B287352E700DC7619 /* MyStaticFramework */,
			);
		};
/* End PBXProject section */

/* Begin PBXResourcesBuildPhase section */
		4B5A310A287352E700DC7619 /* Resources */ = {
			isa = PBXResourcesBuildPhase;
			buildActionMask = 2147483647;
			files = (
			);
			runOnlyForDeploymentPostprocessing = 0;
		};
		4BA373522495C23E00AE4F6C /* Resources */ = {
			isa = PBXResourcesBuildPhase;
			buildActionMask = 2147483647;
			files = (
			);
			runOnlyForDeploymentPostprocessing = 0;
		};
		4BF98F6722EDF81700227849 /* Resources */ = {
			isa = PBXResourcesBuildPhase;
			buildActionMask = 2147483647;
			files = (
				4BF98F7922EDF81700227849 /* LaunchScreen.storyboard in Resources */,
				4BF98F7622EDF81700227849 /* Preview Assets.xcassets in Resources */,
				4BF98F7322EDF81700227849 /* Assets.xcassets in Resources */,
			);
			runOnlyForDeploymentPostprocessing = 0;
		};
/* End PBXResourcesBuildPhase section */

/* Begin PBXSourcesBuildPhase section */
		4B5A3108287352E700DC7619 /* Sources */ = {
			isa = PBXSourcesBuildPhase;
			buildActionMask = 2147483647;
			files = (
				4B5A3118287352FB00DC7619 /* SwiftUIView.swift in Sources */,
			);
			runOnlyForDeploymentPostprocessing = 0;
		};
		4BA373502495C23E00AE4F6C /* Sources */ = {
			isa = PBXSourcesBuildPhase;
			buildActionMask = 2147483647;
			files = (
				4BA373642495C2A000AE4F6C /* VergeLogoView.swift in Sources */,
			);
			runOnlyForDeploymentPostprocessing = 0;
		};
		4BF98F6522EDF81700227849 /* Sources */ = {
			isa = PBXSourcesBuildPhase;
			buildActionMask = 2147483647;
			files = (
				4B3ED5FD232E4A5400D68739 /* IgnoringSafeAreaInsetsView.swift in Sources */,
				4B5B3B55288C739200F514E2 /* CGGeometry+.swift in Sources */,
				4BCA228624B2C0A300C29B1E /* BookView.swift in Sources */,
				4BEDA87A285B07CF00E69954 /* BookAttributedStrings.swift in Sources */,
				4B93EC61232FED89002BB30B /* Verge.swift in Sources */,
				4B3480FC287968C600446AC4 /* BookTinySwitch.swift in Sources */,
				4B93EC5A232F6312002BB30B /* PublishedContentView.swift in Sources */,
				4B73C6582860BB3E00BFFCCE /* ThrowingGroup.swift in Sources */,
				4B31017D2300643E006788EF /* CustomButtonView.swift in Sources */,
				4BF98F6D22EDF81700227849 /* AppDelegate.swift in Sources */,
				4BC2E93A24CD3361006A241D /* BookPlaceholderView.swift in Sources */,
				4B45AA5A24AC97F6003863AF /* BookDragView.swift in Sources */,
				4BF98F6F22EDF81700227849 /* SceneDelegate.swift in Sources */,
				4B5B3B53288C616E00F514E2 /* BookJoystick.swift in Sources */,
				4B3480FA28795F9000446AC4 /* BookDonuts.swift in Sources */,
				4B45AA5C24ACA187003863AF /* Utility.swift in Sources */,
				4B93EC5D232F6898002BB30B /* FluxContentView.swift in Sources */,
				4B30FCE424B235C600C46FFD /* BookMessengerAppView.swift in Sources */,
				4BCA228424B2C08000C29B1E /* BookTransitionShapeView.swift in Sources */,
				4BF98F8322EDF84500227849 /* MultipleModalView.swift in Sources */,
				4B8D388C287F072C006380F3 /* BookLozenge.swift in Sources */,
				4B1057C92832B41900888685 /* BookDynamicPropertyView.swift in Sources */,
				4BF98F7122EDF81700227849 /* ContentView.swift in Sources */,
				4B0C13B82858B0B800E6474C /* BookAbstractMovementView.swift in Sources */,
				4B5B3B5A288D213D00F514E2 /* GestureVelocity.swift in Sources */,
				4BA6491823DCA9B600F3CCEB /* MountUnmountTransitionView.swift in Sources */,
				4B5F6A3B282C05390067D44A /* BookPrivacyView.swift in Sources */,
				4B01C2B924A52E4700F514B7 /* BookMatchedAnimationView.swift in Sources */,
				4B30FCE624B2361100C46FFD /* Mocks.swift in Sources */,
				4B961CAF24C2E30000EEA49A /* BookGridView.swift in Sources */,
			);
			runOnlyForDeploymentPostprocessing = 0;
		};
/* End PBXSourcesBuildPhase section */

/* Begin PBXTargetDependency section */
		4B5A3111287352E800DC7619 /* PBXTargetDependency */ = {
			isa = PBXTargetDependency;
			target = 4B5A310B287352E700DC7619 /* MyStaticFramework */;
			targetProxy = 4B5A3110287352E800DC7619 /* PBXContainerItemProxy */;
		};
		4B5B27B0285BA1D60052529F /* PBXTargetDependency */ = {
			isa = PBXTargetDependency;
			productRef = 4B5B27AF285BA1D60052529F /* PreviewLogger */;
		};
		4B5B27B2285BA1D60052529F /* PBXTargetDependency */ = {
			isa = PBXTargetDependency;
			productRef = 4B5B27B1285BA1D60052529F /* PreviewLoggerTests */;
		};
		4BA3735A2495C23E00AE4F6C /* PBXTargetDependency */ = {
			isa = PBXTargetDependency;
			target = 4BA373532495C23E00AE4F6C /* Component */;
			targetProxy = 4BA373592495C23E00AE4F6C /* PBXContainerItemProxy */;
		};
/* End PBXTargetDependency section */

/* Begin PBXVariantGroup section */
		4BF98F7722EDF81700227849 /* LaunchScreen.storyboard */ = {
			isa = PBXVariantGroup;
			children = (
				4BF98F7822EDF81700227849 /* Base */,
			);
			name = LaunchScreen.storyboard;
			sourceTree = "<group>";
		};
/* End PBXVariantGroup section */

/* Begin XCBuildConfiguration section */
		4B5A3115287352E800DC7619 /* Debug */ = {
			isa = XCBuildConfiguration;
			buildSettings = {
				CLANG_CXX_LANGUAGE_STANDARD = "gnu++17";
				CLANG_ENABLE_MODULES = YES;
				CODE_SIGN_STYLE = Automatic;
				CURRENT_PROJECT_VERSION = 1;
				DEFINES_MODULE = YES;
				DEVELOPMENT_TEAM = KU2QEJ9K3Z;
				DYLIB_COMPATIBILITY_VERSION = 1;
				DYLIB_CURRENT_VERSION = 1;
				DYLIB_INSTALL_NAME_BASE = "@rpath";
				GENERATE_INFOPLIST_FILE = YES;
				INFOPLIST_KEY_NSHumanReadableCopyright = "Copyright © 2022 muukii. All rights reserved.";
				INSTALL_PATH = "$(LOCAL_LIBRARY_DIR)/Frameworks";
				IPHONEOS_DEPLOYMENT_TARGET = 13.5;
				LD_RUNPATH_SEARCH_PATHS = (
					"$(inherited)",
					"@executable_path/Frameworks",
					"@loader_path/Frameworks",
				);
				MACH_O_TYPE = staticlib;
				MARKETING_VERSION = 1.0;
				PRODUCT_BUNDLE_IDENTIFIER = app.muukii.MyStaticFramework;
				PRODUCT_NAME = "$(TARGET_NAME:c99extidentifier)";
				SKIP_INSTALL = YES;
				SWIFT_EMIT_LOC_STRINGS = YES;
				SWIFT_OPTIMIZATION_LEVEL = "-Onone";
				SWIFT_VERSION = 5.0;
				TARGETED_DEVICE_FAMILY = "1,2";
				VERSIONING_SYSTEM = "apple-generic";
				VERSION_INFO_PREFIX = "";
			};
			name = Debug;
		};
		4B5A3116287352E800DC7619 /* Release */ = {
			isa = XCBuildConfiguration;
			buildSettings = {
				CLANG_CXX_LANGUAGE_STANDARD = "gnu++17";
				CLANG_ENABLE_MODULES = YES;
				CODE_SIGN_STYLE = Automatic;
				CURRENT_PROJECT_VERSION = 1;
				DEFINES_MODULE = YES;
				DEVELOPMENT_TEAM = KU2QEJ9K3Z;
				DYLIB_COMPATIBILITY_VERSION = 1;
				DYLIB_CURRENT_VERSION = 1;
				DYLIB_INSTALL_NAME_BASE = "@rpath";
				GENERATE_INFOPLIST_FILE = YES;
				INFOPLIST_KEY_NSHumanReadableCopyright = "Copyright © 2022 muukii. All rights reserved.";
				INSTALL_PATH = "$(LOCAL_LIBRARY_DIR)/Frameworks";
				IPHONEOS_DEPLOYMENT_TARGET = 13.5;
				LD_RUNPATH_SEARCH_PATHS = (
					"$(inherited)",
					"@executable_path/Frameworks",
					"@loader_path/Frameworks",
				);
				MACH_O_TYPE = staticlib;
				MARKETING_VERSION = 1.0;
				PRODUCT_BUNDLE_IDENTIFIER = app.muukii.MyStaticFramework;
				PRODUCT_NAME = "$(TARGET_NAME:c99extidentifier)";
				SKIP_INSTALL = YES;
				SWIFT_EMIT_LOC_STRINGS = YES;
				SWIFT_VERSION = 5.0;
				TARGETED_DEVICE_FAMILY = "1,2";
				VERSIONING_SYSTEM = "apple-generic";
				VERSION_INFO_PREFIX = "";
			};
			name = Release;
		};
		4BA3735D2495C23E00AE4F6C /* Debug */ = {
			isa = XCBuildConfiguration;
			buildSettings = {
				CLANG_ENABLE_MODULES = YES;
				CODE_SIGN_STYLE = Automatic;
				CURRENT_PROJECT_VERSION = 1;
				DEFINES_MODULE = YES;
				DYLIB_COMPATIBILITY_VERSION = 1;
				DYLIB_CURRENT_VERSION = 1;
				DYLIB_INSTALL_NAME_BASE = "@rpath";
				INFOPLIST_FILE = Component/Info.plist;
				INSTALL_PATH = "$(LOCAL_LIBRARY_DIR)/Frameworks";
				IPHONEOS_DEPLOYMENT_TARGET = 13.5;
				LD_RUNPATH_SEARCH_PATHS = (
					"$(inherited)",
					"@executable_path/Frameworks",
					"@loader_path/Frameworks",
				);
				PRODUCT_BUNDLE_IDENTIFIER = app.muukii.Component;
				PRODUCT_NAME = "$(TARGET_NAME:c99extidentifier)";
				SKIP_INSTALL = YES;
				SWIFT_OPTIMIZATION_LEVEL = "-Onone";
				SWIFT_VERSION = 5.0;
				TARGETED_DEVICE_FAMILY = "1,2";
				VERSIONING_SYSTEM = "apple-generic";
				VERSION_INFO_PREFIX = "";
			};
			name = Debug;
		};
		4BA3735E2495C23E00AE4F6C /* Release */ = {
			isa = XCBuildConfiguration;
			buildSettings = {
				CLANG_ENABLE_MODULES = YES;
				CODE_SIGN_STYLE = Automatic;
				CURRENT_PROJECT_VERSION = 1;
				DEFINES_MODULE = YES;
				DYLIB_COMPATIBILITY_VERSION = 1;
				DYLIB_CURRENT_VERSION = 1;
				DYLIB_INSTALL_NAME_BASE = "@rpath";
				INFOPLIST_FILE = Component/Info.plist;
				INSTALL_PATH = "$(LOCAL_LIBRARY_DIR)/Frameworks";
				IPHONEOS_DEPLOYMENT_TARGET = 13.5;
				LD_RUNPATH_SEARCH_PATHS = (
					"$(inherited)",
					"@executable_path/Frameworks",
					"@loader_path/Frameworks",
				);
				PRODUCT_BUNDLE_IDENTIFIER = app.muukii.Component;
				PRODUCT_NAME = "$(TARGET_NAME:c99extidentifier)";
				SKIP_INSTALL = YES;
				SWIFT_VERSION = 5.0;
				TARGETED_DEVICE_FAMILY = "1,2";
				VERSIONING_SYSTEM = "apple-generic";
				VERSION_INFO_PREFIX = "";
			};
			name = Release;
		};
		4BF98F7B22EDF81700227849 /* Debug */ = {
			isa = XCBuildConfiguration;
			buildSettings = {
				ALWAYS_SEARCH_USER_PATHS = NO;
				CLANG_ANALYZER_NONNULL = YES;
				CLANG_ANALYZER_NUMBER_OBJECT_CONVERSION = YES_AGGRESSIVE;
				CLANG_CXX_LANGUAGE_STANDARD = "gnu++14";
				CLANG_CXX_LIBRARY = "libc++";
				CLANG_ENABLE_MODULES = YES;
				CLANG_ENABLE_OBJC_ARC = YES;
				CLANG_ENABLE_OBJC_WEAK = YES;
				CLANG_WARN_BLOCK_CAPTURE_AUTORELEASING = YES;
				CLANG_WARN_BOOL_CONVERSION = YES;
				CLANG_WARN_COMMA = YES;
				CLANG_WARN_CONSTANT_CONVERSION = YES;
				CLANG_WARN_DEPRECATED_OBJC_IMPLEMENTATIONS = YES;
				CLANG_WARN_DIRECT_OBJC_ISA_USAGE = YES_ERROR;
				CLANG_WARN_DOCUMENTATION_COMMENTS = YES;
				CLANG_WARN_EMPTY_BODY = YES;
				CLANG_WARN_ENUM_CONVERSION = YES;
				CLANG_WARN_INFINITE_RECURSION = YES;
				CLANG_WARN_INT_CONVERSION = YES;
				CLANG_WARN_NON_LITERAL_NULL_CONVERSION = YES;
				CLANG_WARN_OBJC_IMPLICIT_RETAIN_SELF = YES;
				CLANG_WARN_OBJC_LITERAL_CONVERSION = YES;
				CLANG_WARN_OBJC_ROOT_CLASS = YES_ERROR;
				CLANG_WARN_QUOTED_INCLUDE_IN_FRAMEWORK_HEADER = YES;
				CLANG_WARN_RANGE_LOOP_ANALYSIS = YES;
				CLANG_WARN_STRICT_PROTOTYPES = YES;
				CLANG_WARN_SUSPICIOUS_MOVE = YES;
				CLANG_WARN_UNGUARDED_AVAILABILITY = YES_AGGRESSIVE;
				CLANG_WARN_UNREACHABLE_CODE = YES;
				CLANG_WARN__DUPLICATE_METHOD_MATCH = YES;
				COPY_PHASE_STRIP = NO;
				DEBUG_INFORMATION_FORMAT = dwarf;
				ENABLE_STRICT_OBJC_MSGSEND = YES;
				ENABLE_TESTABILITY = YES;
				GCC_C_LANGUAGE_STANDARD = gnu11;
				GCC_DYNAMIC_NO_PIC = NO;
				GCC_NO_COMMON_BLOCKS = YES;
				GCC_OPTIMIZATION_LEVEL = 0;
				GCC_PREPROCESSOR_DEFINITIONS = (
					"DEBUG=1",
					"$(inherited)",
				);
				GCC_WARN_64_TO_32_BIT_CONVERSION = YES;
				GCC_WARN_ABOUT_RETURN_TYPE = YES_ERROR;
				GCC_WARN_UNDECLARED_SELECTOR = YES;
				GCC_WARN_UNINITIALIZED_AUTOS = YES_AGGRESSIVE;
				GCC_WARN_UNUSED_FUNCTION = YES;
				GCC_WARN_UNUSED_VARIABLE = YES;
				IPHONEOS_DEPLOYMENT_TARGET = 15.0;
				MTL_ENABLE_DEBUG_INFO = INCLUDE_SOURCE;
				MTL_FAST_MATH = YES;
				ONLY_ACTIVE_ARCH = YES;
				SDKROOT = iphoneos;
				SWIFT_ACTIVE_COMPILATION_CONDITIONS = DEBUG;
				SWIFT_OPTIMIZATION_LEVEL = "-Onone";
			};
			name = Debug;
		};
		4BF98F7C22EDF81700227849 /* Release */ = {
			isa = XCBuildConfiguration;
			buildSettings = {
				ALWAYS_SEARCH_USER_PATHS = NO;
				CLANG_ANALYZER_NONNULL = YES;
				CLANG_ANALYZER_NUMBER_OBJECT_CONVERSION = YES_AGGRESSIVE;
				CLANG_CXX_LANGUAGE_STANDARD = "gnu++14";
				CLANG_CXX_LIBRARY = "libc++";
				CLANG_ENABLE_MODULES = YES;
				CLANG_ENABLE_OBJC_ARC = YES;
				CLANG_ENABLE_OBJC_WEAK = YES;
				CLANG_WARN_BLOCK_CAPTURE_AUTORELEASING = YES;
				CLANG_WARN_BOOL_CONVERSION = YES;
				CLANG_WARN_COMMA = YES;
				CLANG_WARN_CONSTANT_CONVERSION = YES;
				CLANG_WARN_DEPRECATED_OBJC_IMPLEMENTATIONS = YES;
				CLANG_WARN_DIRECT_OBJC_ISA_USAGE = YES_ERROR;
				CLANG_WARN_DOCUMENTATION_COMMENTS = YES;
				CLANG_WARN_EMPTY_BODY = YES;
				CLANG_WARN_ENUM_CONVERSION = YES;
				CLANG_WARN_INFINITE_RECURSION = YES;
				CLANG_WARN_INT_CONVERSION = YES;
				CLANG_WARN_NON_LITERAL_NULL_CONVERSION = YES;
				CLANG_WARN_OBJC_IMPLICIT_RETAIN_SELF = YES;
				CLANG_WARN_OBJC_LITERAL_CONVERSION = YES;
				CLANG_WARN_OBJC_ROOT_CLASS = YES_ERROR;
				CLANG_WARN_QUOTED_INCLUDE_IN_FRAMEWORK_HEADER = YES;
				CLANG_WARN_RANGE_LOOP_ANALYSIS = YES;
				CLANG_WARN_STRICT_PROTOTYPES = YES;
				CLANG_WARN_SUSPICIOUS_MOVE = YES;
				CLANG_WARN_UNGUARDED_AVAILABILITY = YES_AGGRESSIVE;
				CLANG_WARN_UNREACHABLE_CODE = YES;
				CLANG_WARN__DUPLICATE_METHOD_MATCH = YES;
				COPY_PHASE_STRIP = NO;
				DEBUG_INFORMATION_FORMAT = "dwarf-with-dsym";
				ENABLE_NS_ASSERTIONS = NO;
				ENABLE_STRICT_OBJC_MSGSEND = YES;
				GCC_C_LANGUAGE_STANDARD = gnu11;
				GCC_NO_COMMON_BLOCKS = YES;
				GCC_WARN_64_TO_32_BIT_CONVERSION = YES;
				GCC_WARN_ABOUT_RETURN_TYPE = YES_ERROR;
				GCC_WARN_UNDECLARED_SELECTOR = YES;
				GCC_WARN_UNINITIALIZED_AUTOS = YES_AGGRESSIVE;
				GCC_WARN_UNUSED_FUNCTION = YES;
				GCC_WARN_UNUSED_VARIABLE = YES;
				IPHONEOS_DEPLOYMENT_TARGET = 15.0;
				MTL_ENABLE_DEBUG_INFO = NO;
				MTL_FAST_MATH = YES;
				SDKROOT = iphoneos;
				SWIFT_COMPILATION_MODE = wholemodule;
				SWIFT_OPTIMIZATION_LEVEL = "-O";
				VALIDATE_PRODUCT = YES;
			};
			name = Release;
		};
		4BF98F7E22EDF81700227849 /* Debug */ = {
			isa = XCBuildConfiguration;
			buildSettings = {
				ALWAYS_EMBED_SWIFT_STANDARD_LIBRARIES = YES;
				ASSETCATALOG_COMPILER_APPICON_NAME = AppIcon;
				CODE_SIGN_STYLE = Automatic;
				DEVELOPMENT_ASSET_PATHS = "SwiftUIBook/Preview\\ Content";
				DEVELOPMENT_TEAM = KU2QEJ9K3Z;
				ENABLE_PREVIEWS = YES;
				FRAMEWORK_SEARCH_PATHS = (
					"$(inherited)",
					"$(PROJECT_DIR)",
				);
				INFOPLIST_FILE = SwiftUIBook/Info.plist;
				IPHONEOS_DEPLOYMENT_TARGET = 15.0;
				LD_RUNPATH_SEARCH_PATHS = (
					"$(inherited)",
					"@executable_path/Frameworks",
				);
				PRODUCT_BUNDLE_IDENTIFIER = app.muukii.SwiftUIBook;
				PRODUCT_NAME = "$(TARGET_NAME)";
				SWIFT_VERSION = 5.0;
				TARGETED_DEVICE_FAMILY = "1,2";
			};
			name = Debug;
		};
		4BF98F7F22EDF81700227849 /* Release */ = {
			isa = XCBuildConfiguration;
			buildSettings = {
				ALWAYS_EMBED_SWIFT_STANDARD_LIBRARIES = YES;
				ASSETCATALOG_COMPILER_APPICON_NAME = AppIcon;
				CODE_SIGN_STYLE = Automatic;
				DEVELOPMENT_ASSET_PATHS = "SwiftUIBook/Preview\\ Content";
				DEVELOPMENT_TEAM = KU2QEJ9K3Z;
				ENABLE_PREVIEWS = YES;
				FRAMEWORK_SEARCH_PATHS = (
					"$(inherited)",
					"$(PROJECT_DIR)",
				);
				INFOPLIST_FILE = SwiftUIBook/Info.plist;
				IPHONEOS_DEPLOYMENT_TARGET = 15.0;
				LD_RUNPATH_SEARCH_PATHS = (
					"$(inherited)",
					"@executable_path/Frameworks",
				);
				PRODUCT_BUNDLE_IDENTIFIER = app.muukii.SwiftUIBook;
				PRODUCT_NAME = "$(TARGET_NAME)";
				SWIFT_VERSION = 5.0;
				TARGETED_DEVICE_FAMILY = "1,2";
			};
			name = Release;
		};
/* End XCBuildConfiguration section */

/* Begin XCConfigurationList section */
		4B5A3114287352E800DC7619 /* Build configuration list for PBXNativeTarget "MyStaticFramework" */ = {
			isa = XCConfigurationList;
			buildConfigurations = (
				4B5A3115287352E800DC7619 /* Debug */,
				4B5A3116287352E800DC7619 /* Release */,
			);
			defaultConfigurationIsVisible = 0;
			defaultConfigurationName = Release;
		};
		4BA3735F2495C23E00AE4F6C /* Build configuration list for PBXNativeTarget "Component" */ = {
			isa = XCConfigurationList;
			buildConfigurations = (
				4BA3735D2495C23E00AE4F6C /* Debug */,
				4BA3735E2495C23E00AE4F6C /* Release */,
			);
			defaultConfigurationIsVisible = 0;
			defaultConfigurationName = Release;
		};
		4BF98F6422EDF81700227849 /* Build configuration list for PBXProject "SwiftUIBook" */ = {
			isa = XCConfigurationList;
			buildConfigurations = (
				4BF98F7B22EDF81700227849 /* Debug */,
				4BF98F7C22EDF81700227849 /* Release */,
			);
			defaultConfigurationIsVisible = 0;
			defaultConfigurationName = Release;
		};
		4BF98F7D22EDF81700227849 /* Build configuration list for PBXNativeTarget "SwiftUIBook" */ = {
			isa = XCConfigurationList;
			buildConfigurations = (
				4BF98F7E22EDF81700227849 /* Debug */,
				4BF98F7F22EDF81700227849 /* Release */,
			);
			defaultConfigurationIsVisible = 0;
			defaultConfigurationName = Release;
		};
/* End XCConfigurationList section */

/* Begin XCRemoteSwiftPackageReference section */
		4B5B3B56288D08E000F514E2 /* XCRemoteSwiftPackageReference "SwiftUIKitView" */ = {
			isa = XCRemoteSwiftPackageReference;
			repositoryURL = "https://github.com/AvdLee/SwiftUIKitView.git";
			requirement = {
				kind = upToNextMajorVersion;
				minimumVersion = 2.0.0;
			};
		};
		4B7E90CF2858FFC7005BC862 /* XCRemoteSwiftPackageReference "swiftui-color" */ = {
			isa = XCRemoteSwiftPackageReference;
			repositoryURL = "https://github.com/FluidGroup/swiftui-color.git";
			requirement = {
				branch = main;
				kind = branch;
			};
		};
		4BD8ADBE286DE52E00730CA2 /* XCRemoteSwiftPackageReference "Verge" */ = {
			isa = XCRemoteSwiftPackageReference;
			repositoryURL = "https://github.com/VergeGroup/Verge.git";
			requirement = {
				kind = upToNextMajorVersion;
				minimumVersion = 8.0.0;
			};
		};
/* End XCRemoteSwiftPackageReference section */

/* Begin XCSwiftPackageProductDependency section */
		4B5A3105287352C800DC7619 /* Verge */ = {
			isa = XCSwiftPackageProductDependency;
			package = 4BD8ADBE286DE52E00730CA2 /* XCRemoteSwiftPackageReference "Verge" */;
			productName = Verge;
		};
		4B5B27AF285BA1D60052529F /* PreviewLogger */ = {
			isa = XCSwiftPackageProductDependency;
			productName = PreviewLogger;
		};
		4B5B27B1285BA1D60052529F /* PreviewLoggerTests */ = {
			isa = XCSwiftPackageProductDependency;
			productName = PreviewLoggerTests;
		};
		4B5B3B57288D08E000F514E2 /* SwiftUIKitView */ = {
			isa = XCSwiftPackageProductDependency;
			package = 4B5B3B56288D08E000F514E2 /* XCRemoteSwiftPackageReference "SwiftUIKitView" */;
			productName = SwiftUIKitView;
		};
		4B6E7B5B285BA1070010CF85 /* PreviewLogger */ = {
			isa = XCSwiftPackageProductDependency;
			productName = PreviewLogger;
		};
		4B7E90D02858FFC7005BC862 /* swiftui-color */ = {
			isa = XCSwiftPackageProductDependency;
			package = 4B7E90CF2858FFC7005BC862 /* XCRemoteSwiftPackageReference "swiftui-color" */;
			productName = "swiftui-color";
		};
/* End XCSwiftPackageProductDependency section */
	};
	rootObject = 4BF98F6122EDF81700227849 /* Project object */;
}
