{
  "pins" : [
    {
      "identity" : "rxswift",
      "kind" : "remoteSourceControl",
      "location" : "https://github.com/ReactiveX/RxSwift.git",
      "state" : {
        "revision" : "b4307ba0b6425c0ba4178e138799946c3da594f8",
        "version" : "6.5.0"
      }
    },
    {
      "identity" : "swiftui-color",
      "kind" : "remoteSourceControl",
      "location" : "https://github.com/FluidGroup/swiftui-color.git",
      "state" : {
        "branch" : "main",
        "revision" : "3af0f124eb1ce10668923786ea1bf67222b175cf"
      }
    },
    {
      "identity" : "swiftuikitview",
      "kind" : "remoteSourceControl",
      "location" : "https://github.com/AvdLee/SwiftUIKitView.git",
      "state" : {
        "revision" : "56f2a1f8e35d5c258f633e8472cd59345ed5ae59",
        "version" : "2.0.0"
      }
    },
    {
      "identity" : "verge",
      "kind" : "remoteSourceControl",
      "location" : "https://github.com/VergeGroup/Verge.git",
      "state" : {
        "revision" : "c55c4afb189f7ffc0fd8733c41471b1868651aa5",
        "version" : "8.16.0"
      }
    }
  ],
  "version" : 2
}
