// !$*UTF8*$!
{
	archiveVersion = 1;
	classes = {
	};
	objectVersion = 55;
	objects = {

/* Begin PBXBuildFile section */
		4B7A7CA126FF35850041DF10 /* static_library_playApp.swift in Sources */ = {isa = PBXBuildFile; fileRef = 4B7A7CA026FF35850041DF10 /* static_library_playApp.swift */; };
		4B7A7CA326FF35850041DF10 /* ContentView.swift in Sources */ = {isa = PBXBuildFile; fileRef = 4B7A7CA226FF35850041DF10 /* ContentView.swift */; };
		4B7A7CA526FF35880041DF10 /* Assets.xcassets in Resources */ = {isa = PBXBuildFile; fileRef = 4B7A7CA426FF35880041DF10 /* Assets.xcassets */; };
		4B7A7CA826FF35880041DF10 /* Preview Assets.xcassets in Resources */ = {isa = PBXBuildFile; fileRef = 4B7A7CA726FF35880041DF10 /* Preview Assets.xcassets */; };
		4B7A7CB526FF359B0041DF10 /* ModularA.swift in Sources */ = {isa = PBXBuildFile; fileRef = 4B7A7CB426FF359B0041DF10 /* ModularA.swift */; };
		4B7A7CC026FF35A60041DF10 /* NonModularB.swift in Sources */ = {isa = PBXBuildFile; fileRef = 4B7A7CBF26FF35A60041DF10 /* NonModularB.swift */; };
		4B7A7CC926FF35D90041DF10 /* libModularA.a in Frameworks */ = {isa = PBXBuildFile; fileRef = 4B7A7CB226FF359B0041DF10 /* libModularA.a */; };
		4B7A7CCA26FF35D90041DF10 /* libNonModularB.a in Frameworks */ = {isa = PBXBuildFile; fileRef = 4B7A7CBD26FF35A60041DF10 /* libNonModularB.a */; };
/* End PBXBuildFile section */

/* Begin PBXContainerItemProxy section */
		4B7A7CC426FF35D50041DF10 /* PBXContainerItemProxy */ = {
			isa = PBXContainerItemProxy;
			containerPortal = 4B7A7C9526FF35850041DF10 /* Project object */;
			proxyType = 1;
			remoteGlobalIDString = 4B7A7CB126FF359B0041DF10;
			remoteInfo = ModularA;
		};
		4B7A7CC626FF35D50041DF10 /* PBXContainerItemProxy */ = {
			isa = PBXContainerItemProxy;
			containerPortal = 4B7A7C9526FF35850041DF10 /* Project object */;
			proxyType = 1;
			remoteGlobalIDString = 4B7A7CBC26FF35A60041DF10;
			remoteInfo = NonModularB;
		};
/* End PBXContainerItemProxy section */

/* Begin PBXCopyFilesBuildPhase section */
		4B7A7CB026FF359B0041DF10 /* CopyFiles */ = {
			isa = PBXCopyFilesBuildPhase;
			buildActionMask = 2147483647;
			dstPath = "include/$(PRODUCT_NAME)";
			dstSubfolderSpec = 16;
			files = (
			);
			runOnlyForDeploymentPostprocessing = 0;
		};
		4B7A7CBB26FF35A60041DF10 /* CopyFiles */ = {
			isa = PBXCopyFilesBuildPhase;
			buildActionMask = 2147483647;
			dstPath = "include/$(PRODUCT_NAME)";
			dstSubfolderSpec = 16;
			files = (
			);
			runOnlyForDeploymentPostprocessing = 0;
		};
/* End PBXCopyFilesBuildPhase section */

/* Begin PBXFileReference section */
		4B7A7C9D26FF35850041DF10 /* static-library-play.app */ = {isa = PBXFileReference; explicitFileType = wrapper.application; includeInIndex = 0; path = "static-library-play.app"; sourceTree = BUILT_PRODUCTS_DIR; };
		4B7A7CA026FF35850041DF10 /* static_library_playApp.swift */ = {isa = PBXFileReference; lastKnownFileType = sourcecode.swift; path = static_library_playApp.swift; sourceTree = "<group>"; };
		4B7A7CA226FF35850041DF10 /* ContentView.swift */ = {isa = PBXFileReference; lastKnownFileType = sourcecode.swift; path = ContentView.swift; sourceTree = "<group>"; };
		4B7A7CA426FF35880041DF10 /* Assets.xcassets */ = {isa = PBXFileReference; lastKnownFileType = folder.assetcatalog; path = Assets.xcassets; sourceTree = "<group>"; };
		4B7A7CA726FF35880041DF10 /* Preview Assets.xcassets */ = {isa = PBXFileReference; lastKnownFileType = folder.assetcatalog; path = "Preview Assets.xcassets"; sourceTree = "<group>"; };
		4B7A7CB226FF359B0041DF10 /* libModularA.a */ = {isa = PBXFileReference; explicitFileType = archive.ar; includeInIndex = 0; path = libModularA.a; sourceTree = BUILT_PRODUCTS_DIR; };
		4B7A7CB426FF359B0041DF10 /* ModularA.swift */ = {isa = PBXFileReference; lastKnownFileType = sourcecode.swift; path = ModularA.swift; sourceTree = "<group>"; };
		4B7A7CBD26FF35A60041DF10 /* libNonModularB.a */ = {isa = PBXFileReference; explicitFileType = archive.ar; includeInIndex = 0; path = libNonModularB.a; sourceTree = BUILT_PRODUCTS_DIR; };
		4B7A7CBF26FF35A60041DF10 /* NonModularB.swift */ = {isa = PBXFileReference; lastKnownFileType = sourcecode.swift; path = NonModularB.swift; sourceTree = "<group>"; };
/* End PBXFileReference section */

/* Begin PBXFrameworksBuildPhase section */
		4B7A7C9A26FF35850041DF10 /* Frameworks */ = {
			isa = PBXFrameworksBuildPhase;
			buildActionMask = 2147483647;
			files = (
				4B7A7CC926FF35D90041DF10 /* libModularA.a in Frameworks */,
				4B7A7CCA26FF35D90041DF10 /* libNonModularB.a in Frameworks */,
			);
			runOnlyForDeploymentPostprocessing = 0;
		};
		4B7A7CAF26FF359B0041DF10 /* Frameworks */ = {
			isa = PBXFrameworksBuildPhase;
			buildActionMask = 2147483647;
			files = (
			);
			runOnlyForDeploymentPostprocessing = 0;
		};
		4B7A7CBA26FF35A60041DF10 /* Frameworks */ = {
			isa = PBXFrameworksBuildPhase;
			buildActionMask = 2147483647;
			files = (
			);
			runOnlyForDeploymentPostprocessing = 0;
		};
/* End PBXFrameworksBuildPhase section */

/* Begin PBXGroup section */
		4B7A7C9426FF35850041DF10 = {
			isa = PBXGroup;
			children = (
				4B7A7C9F26FF35850041DF10 /* static-library-play */,
				4B7A7CB326FF359B0041DF10 /* ModularA */,
				4B7A7CBE26FF35A60041DF10 /* NonModularB */,
				4B7A7C9E26FF35850041DF10 /* Products */,
				4B7A7CC826FF35D90041DF10 /* Frameworks */,
			);
			sourceTree = "<group>";
		};
		4B7A7C9E26FF35850041DF10 /* Products */ = {
			isa = PBXGroup;
			children = (
				4B7A7C9D26FF35850041DF10 /* static-library-play.app */,
				4B7A7CB226FF359B0041DF10 /* libModularA.a */,
				4B7A7CBD26FF35A60041DF10 /* libNonModularB.a */,
			);
			name = Products;
			sourceTree = "<group>";
		};
		4B7A7C9F26FF35850041DF10 /* static-library-play */ = {
			isa = PBXGroup;
			children = (
				4B7A7CA026FF35850041DF10 /* static_library_playApp.swift */,
				4B7A7CA226FF35850041DF10 /* ContentView.swift */,
				4B7A7CA426FF35880041DF10 /* Assets.xcassets */,
				4B7A7CA626FF35880041DF10 /* Preview Content */,
			);
			path = "static-library-play";
			sourceTree = "<group>";
		};
		4B7A7CA626FF35880041DF10 /* Preview Content */ = {
			isa = PBXGroup;
			children = (
				4B7A7CA726FF35880041DF10 /* Preview Assets.xcassets */,
			);
			path = "Preview Content";
			sourceTree = "<group>";
		};
		4B7A7CB326FF359B0041DF10 /* ModularA */ = {
			isa = PBXGroup;
			children = (
				4B7A7CB426FF359B0041DF10 /* ModularA.swift */,
			);
			path = ModularA;
			sourceTree = "<group>";
		};
		4B7A7CBE26FF35A60041DF10 /* NonModularB */ = {
			isa = PBXGroup;
			children = (
				4B7A7CBF26FF35A60041DF10 /* NonModularB.swift */,
			);
			path = NonModularB;
			sourceTree = "<group>";
		};
		4B7A7CC826FF35D90041DF10 /* Frameworks */ = {
			isa = PBXGroup;
			children = (
			);
			name = Frameworks;
			sourceTree = "<group>";
		};
/* End PBXGroup section */

/* Begin PBXNativeTarget section */
		4B7A7C9C26FF35850041DF10 /* static-library-play */ = {
			isa = PBXNativeTarget;
			buildConfigurationList = 4B7A7CAB26FF35880041DF10 /* Build configuration list for PBXNativeTarget "static-library-play" */;
			buildPhases = (
				4B7A7C9926FF35850041DF10 /* Sources */,
				4B7A7C9A26FF35850041DF10 /* Frameworks */,
				4B7A7C9B26FF35850041DF10 /* Resources */,
			);
			buildRules = (
			);
			dependencies = (
				4B7A7CC526FF35D50041DF10 /* PBXTargetDependency */,
				4B7A7CC726FF35D50041DF10 /* PBXTargetDependency */,
			);
			name = "static-library-play";
			productName = "static-library-play";
			productReference = 4B7A7C9D26FF35850041DF10 /* static-library-play.app */;
			productType = "com.apple.product-type.application";
		};
		4B7A7CB126FF359B0041DF10 /* ModularA */ = {
			isa = PBXNativeTarget;
			buildConfigurationList = 4B7A7CB626FF359B0041DF10 /* Build configuration list for PBXNativeTarget "ModularA" */;
			buildPhases = (
				4B7A7CAE26FF359B0041DF10 /* Sources */,
				4B7A7CAF26FF359B0041DF10 /* Frameworks */,
				4B7A7CB026FF359B0041DF10 /* CopyFiles */,
			);
			buildRules = (
			);
			dependencies = (
			);
			name = ModularA;
			productName = ModularA;
			productReference = 4B7A7CB226FF359B0041DF10 /* libModularA.a */;
			productType = "com.apple.product-type.library.static";
		};
		4B7A7CBC26FF35A60041DF10 /* NonModularB */ = {
			isa = PBXNativeTarget;
			buildConfigurationList = 4B7A7CC126FF35A60041DF10 /* Build configuration list for PBXNativeTarget "NonModularB" */;
			buildPhases = (
				4B7A7CB926FF35A60041DF10 /* Sources */,
				4B7A7CBA26FF35A60041DF10 /* Frameworks */,
				4B7A7CBB26FF35A60041DF10 /* CopyFiles */,
			);
			buildRules = (
			);
			dependencies = (
			);
			name = NonModularB;
			productName = NonModularB;
			productReference = 4B7A7CBD26FF35A60041DF10 /* libNonModularB.a */;
			productType = "com.apple.product-type.library.static";
		};
/* End PBXNativeTarget section */

/* Begin PBXProject section */
		4B7A7C9526FF35850041DF10 /* Project object */ = {
			isa = PBXProject;
			attributes = {
				BuildIndependentTargetsInParallel = 1;
				LastSwiftUpdateCheck = 1300;
				LastUpgradeCheck = 1300;
				TargetAttributes = {
					4B7A7C9C26FF35850041DF10 = {
						CreatedOnToolsVersion = 13.0;
					};
					4B7A7CB126FF359B0041DF10 = {
						CreatedOnToolsVersion = 13.0;
					};
					4B7A7CBC26FF35A60041DF10 = {
						CreatedOnToolsVersion = 13.0;
					};
				};
			};
			buildConfigurationList = 4B7A7C9826FF35850041DF10 /* Build configuration list for PBXProject "static-library-play" */;
			compatibilityVersion = "Xcode 13.0";
			developmentRegion = en;
			hasScannedForEncodings = 0;
			knownRegions = (
				en,
				Base,
			);
			mainGroup = 4B7A7C9426FF35850041DF10;
			productRefGroup = 4B7A7C9E26FF35850041DF10 /* Products */;
			projectDirPath = "";
			projectRoot = "";
			targets = (
				4B7A7C9C26FF35850041DF10 /* static-library-play */,
				4B7A7CB126FF359B0041DF10 /* ModularA */,
				4B7A7CBC26FF35A60041DF10 /* NonModularB */,
			);
		};
/* End PBXProject section */

/* Begin PBXResourcesBuildPhase section */
		4B7A7C9B26FF35850041DF10 /* Resources */ = {
			isa = PBXResourcesBuildPhase;
			buildActionMask = 2147483647;
			files = (
				4B7A7CA826FF35880041DF10 /* Preview Assets.xcassets in Resources */,
				4B7A7CA526FF35880041DF10 /* Assets.xcassets in Resources */,
			);
			runOnlyForDeploymentPostprocessing = 0;
		};
/* End PBXResourcesBuildPhase section */

/* Begin PBXSourcesBuildPhase section */
		4B7A7C9926FF35850041DF10 /* Sources */ = {
			isa = PBXSourcesBuildPhase;
			buildActionMask = 2147483647;
			files = (
				4B7A7CA326FF35850041DF10 /* ContentView.swift in Sources */,
				4B7A7CA126FF35850041DF10 /* static_library_playApp.swift in Sources */,
			);
			runOnlyForDeploymentPostprocessing = 0;
		};
		4B7A7CAE26FF359B0041DF10 /* Sources */ = {
			isa = PBXSourcesBuildPhase;
			buildActionMask = 2147483647;
			files = (
				4B7A7CB526FF359B0041DF10 /* ModularA.swift in Sources */,
			);
			runOnlyForDeploymentPostprocessing = 0;
		};
		4B7A7CB926FF35A60041DF10 /* Sources */ = {
			isa = PBXSourcesBuildPhase;
			buildActionMask = 2147483647;
			files = (
				4B7A7CC026FF35A60041DF10 /* NonModularB.swift in Sources */,
			);
			runOnlyForDeploymentPostprocessing = 0;
		};
/* End PBXSourcesBuildPhase section */

/* Begin PBXTargetDependency section */
		4B7A7CC526FF35D50041DF10 /* PBXTargetDependency */ = {
			isa = PBXTargetDependency;
			target = 4B7A7CB126FF359B0041DF10 /* ModularA */;
			targetProxy = 4B7A7CC426FF35D50041DF10 /* PBXContainerItemProxy */;
		};
		4B7A7CC726FF35D50041DF10 /* PBXTargetDependency */ = {
			isa = PBXTargetDependency;
			target = 4B7A7CBC26FF35A60041DF10 /* NonModularB */;
			targetProxy = 4B7A7CC626FF35D50041DF10 /* PBXContainerItemProxy */;
		};
/* End PBXTargetDependency section */

/* Begin XCBuildConfiguration section */
		4B7A7CA926FF35880041DF10 /* Debug */ = {
			isa = XCBuildConfiguration;
			buildSettings = {
				ALWAYS_SEARCH_USER_PATHS = NO;
				CLANG_ANALYZER_NONNULL = YES;
				CLANG_ANALYZER_NUMBER_OBJECT_CONVERSION = YES_AGGRESSIVE;
				CLANG_CXX_LANGUAGE_STANDARD = "gnu++17";
				CLANG_CXX_LIBRARY = "libc++";
				CLANG_ENABLE_MODULES = YES;
				CLANG_ENABLE_OBJC_ARC = YES;
				CLANG_ENABLE_OBJC_WEAK = YES;
				CLANG_WARN_BLOCK_CAPTURE_AUTORELEASING = YES;
				CLANG_WARN_BOOL_CONVERSION = YES;
				CLANG_WARN_COMMA = YES;
				CLANG_WARN_CONSTANT_CONVERSION = YES;
				CLANG_WARN_DEPRECATED_OBJC_IMPLEMENTATIONS = YES;
				CLANG_WARN_DIRECT_OBJC_ISA_USAGE = YES_ERROR;
				CLANG_WARN_DOCUMENTATION_COMMENTS = YES;
				CLANG_WARN_EMPTY_BODY = YES;
				CLANG_WARN_ENUM_CONVERSION = YES;
				CLANG_WARN_INFINITE_RECURSION = YES;
				CLANG_WARN_INT_CONVERSION = YES;
				CLANG_WARN_NON_LITERAL_NULL_CONVERSION = YES;
				CLANG_WARN_OBJC_IMPLICIT_RETAIN_SELF = YES;
				CLANG_WARN_OBJC_LITERAL_CONVERSION = YES;
				CLANG_WARN_OBJC_ROOT_CLASS = YES_ERROR;
				CLANG_WARN_QUOTED_INCLUDE_IN_FRAMEWORK_HEADER = YES;
				CLANG_WARN_RANGE_LOOP_ANALYSIS = YES;
				CLANG_WARN_STRICT_PROTOTYPES = YES;
				CLANG_WARN_SUSPICIOUS_MOVE = YES;
				CLANG_WARN_UNGUARDED_AVAILABILITY = YES_AGGRESSIVE;
				CLANG_WARN_UNREACHABLE_CODE = YES;
				CLANG_WARN__DUPLICATE_METHOD_MATCH = YES;
				COPY_PHASE_STRIP = NO;
				DEBUG_INFORMATION_FORMAT = dwarf;
				ENABLE_STRICT_OBJC_MSGSEND = YES;
				ENABLE_TESTABILITY = YES;
				GCC_C_LANGUAGE_STANDARD = gnu11;
				GCC_DYNAMIC_NO_PIC = NO;
				GCC_NO_COMMON_BLOCKS = YES;
				GCC_OPTIMIZATION_LEVEL = 0;
				GCC_PREPROCESSOR_DEFINITIONS = (
					"DEBUG=1",
					"$(inherited)",
				);
				GCC_WARN_64_TO_32_BIT_CONVERSION = YES;
				GCC_WARN_ABOUT_RETURN_TYPE = YES_ERROR;
				GCC_WARN_UNDECLARED_SELECTOR = YES;
				GCC_WARN_UNINITIALIZED_AUTOS = YES_AGGRESSIVE;
				GCC_WARN_UNUSED_FUNCTION = YES;
				GCC_WARN_UNUSED_VARIABLE = YES;
				IPHONEOS_DEPLOYMENT_TARGET = 15.0;
				MTL_ENABLE_DEBUG_INFO = INCLUDE_SOURCE;
				MTL_FAST_MATH = YES;
				ONLY_ACTIVE_ARCH = YES;
				SDKROOT = iphoneos;
				SWIFT_ACTIVE_COMPILATION_CONDITIONS = DEBUG;
				SWIFT_OPTIMIZATION_LEVEL = "-Onone";
			};
			name = Debug;
		};
		4B7A7CAA26FF35880041DF10 /* Release */ = {
			isa = XCBuildConfiguration;
			buildSettings = {
				ALWAYS_SEARCH_USER_PATHS = NO;
				CLANG_ANALYZER_NONNULL = YES;
				CLANG_ANALYZER_NUMBER_OBJECT_CONVERSION = YES_AGGRESSIVE;
				CLANG_CXX_LANGUAGE_STANDARD = "gnu++17";
				CLANG_CXX_LIBRARY = "libc++";
				CLANG_ENABLE_MODULES = YES;
				CLANG_ENABLE_OBJC_ARC = YES;
				CLANG_ENABLE_OBJC_WEAK = YES;
				CLANG_WARN_BLOCK_CAPTURE_AUTORELEASING = YES;
				CLANG_WARN_BOOL_CONVERSION = YES;
				CLANG_WARN_COMMA = YES;
				CLANG_WARN_CONSTANT_CONVERSION = YES;
				CLANG_WARN_DEPRECATED_OBJC_IMPLEMENTATIONS = YES;
				CLANG_WARN_DIRECT_OBJC_ISA_USAGE = YES_ERROR;
				CLANG_WARN_DOCUMENTATION_COMMENTS = YES;
				CLANG_WARN_EMPTY_BODY = YES;
				CLANG_WARN_ENUM_CONVERSION = YES;
				CLANG_WARN_INFINITE_RECURSION = YES;
				CLANG_WARN_INT_CONVERSION = YES;
				CLANG_WARN_NON_LITERAL_NULL_CONVERSION = YES;
				CLANG_WARN_OBJC_IMPLICIT_RETAIN_SELF = YES;
				CLANG_WARN_OBJC_LITERAL_CONVERSION = YES;
				CLANG_WARN_OBJC_ROOT_CLASS = YES_ERROR;
				CLANG_WARN_QUOTED_INCLUDE_IN_FRAMEWORK_HEADER = YES;
				CLANG_WARN_RANGE_LOOP_ANALYSIS = YES;
				CLANG_WARN_STRICT_PROTOTYPES = YES;
				CLANG_WARN_SUSPICIOUS_MOVE = YES;
				CLANG_WARN_UNGUARDED_AVAILABILITY = YES_AGGRESSIVE;
				CLANG_WARN_UNREACHABLE_CODE = YES;
				CLANG_WARN__DUPLICATE_METHOD_MATCH = YES;
				COPY_PHASE_STRIP = NO;
				DEBUG_INFORMATION_FORMAT = "dwarf-with-dsym";
				ENABLE_NS_ASSERTIONS = NO;
				ENABLE_STRICT_OBJC_MSGSEND = YES;
				GCC_C_LANGUAGE_STANDARD = gnu11;
				GCC_NO_COMMON_BLOCKS = YES;
				GCC_WARN_64_TO_32_BIT_CONVERSION = YES;
				GCC_WARN_ABOUT_RETURN_TYPE = YES_ERROR;
				GCC_WARN_UNDECLARED_SELECTOR = YES;
				GCC_WARN_UNINITIALIZED_AUTOS = YES_AGGRESSIVE;
				GCC_WARN_UNUSED_FUNCTION = YES;
				GCC_WARN_UNUSED_VARIABLE = YES;
				IPHONEOS_DEPLOYMENT_TARGET = 15.0;
				MTL_ENABLE_DEBUG_INFO = NO;
				MTL_FAST_MATH = YES;
				SDKROOT = iphoneos;
				SWIFT_COMPILATION_MODE = wholemodule;
				SWIFT_OPTIMIZATION_LEVEL = "-O";
				VALIDATE_PRODUCT = YES;
			};
			name = Release;
		};
		4B7A7CAC26FF35880041DF10 /* Debug */ = {
			isa = XCBuildConfiguration;
			buildSettings = {
				ASSETCATALOG_COMPILER_APPICON_NAME = AppIcon;
				ASSETCATALOG_COMPILER_GLOBAL_ACCENT_COLOR_NAME = AccentColor;
				CODE_SIGN_STYLE = Automatic;
				CURRENT_PROJECT_VERSION = 1;
				DEVELOPMENT_ASSET_PATHS = "\"static-library-play/Preview Content\"";
				ENABLE_PREVIEWS = YES;
				GENERATE_INFOPLIST_FILE = YES;
				INFOPLIST_KEY_UIApplicationSceneManifest_Generation = YES;
				INFOPLIST_KEY_UIApplicationSupportsIndirectInputEvents = YES;
				INFOPLIST_KEY_UILaunchScreen_Generation = YES;
				INFOPLIST_KEY_UISupportedInterfaceOrientations_iPad = "UIInterfaceOrientationPortrait UIInterfaceOrientationPortraitUpsideDown UIInterfaceOrientationLandscapeLeft UIInterfaceOrientationLandscapeRight";
				INFOPLIST_KEY_UISupportedInterfaceOrientations_iPhone = "UIInterfaceOrientationPortrait UIInterfaceOrientationLandscapeLeft UIInterfaceOrientationLandscapeRight";
				IPHONEOS_DEPLOYMENT_TARGET = 14.0;
				LD_RUNPATH_SEARCH_PATHS = (
					"$(inherited)",
					"@executable_path/Frameworks",
				);
				MARKETING_VERSION = 1.0;
				PRODUCT_BUNDLE_IDENTIFIER = "jp.eure.pairs.static-library-play";
				PRODUCT_NAME = "$(TARGET_NAME)";
				SWIFT_EMIT_LOC_STRINGS = YES;
				SWIFT_VERSION = 5.0;
				TARGETED_DEVICE_FAMILY = "1,2";
			};
			name = Debug;
		};
		4B7A7CAD26FF35880041DF10 /* Release */ = {
			isa = XCBuildConfiguration;
			buildSettings = {
				ASSETCATALOG_COMPILER_APPICON_NAME = AppIcon;
				ASSETCATALOG_COMPILER_GLOBAL_ACCENT_COLOR_NAME = AccentColor;
				CODE_SIGN_STYLE = Automatic;
				CURRENT_PROJECT_VERSION = 1;
				DEVELOPMENT_ASSET_PATHS = "\"static-library-play/Preview Content\"";
				ENABLE_PREVIEWS = YES;
				GENERATE_INFOPLIST_FILE = YES;
				INFOPLIST_KEY_UIApplicationSceneManifest_Generation = YES;
				INFOPLIST_KEY_UIApplicationSupportsIndirectInputEvents = YES;
				INFOPLIST_KEY_UILaunchScreen_Generation = YES;
				INFOPLIST_KEY_UISupportedInterfaceOrientations_iPad = "UIInterfaceOrientationPortrait UIInterfaceOrientationPortraitUpsideDown UIInterfaceOrientationLandscapeLeft UIInterfaceOrientationLandscapeRight";
				INFOPLIST_KEY_UISupportedInterfaceOrientations_iPhone = "UIInterfaceOrientationPortrait UIInterfaceOrientationLandscapeLeft UIInterfaceOrientationLandscapeRight";
				IPHONEOS_DEPLOYMENT_TARGET = 14.0;
				LD_RUNPATH_SEARCH_PATHS = (
					"$(inherited)",
					"@executable_path/Frameworks",
				);
				MARKETING_VERSION = 1.0;
				PRODUCT_BUNDLE_IDENTIFIER = "jp.eure.pairs.static-library-play";
				PRODUCT_NAME = "$(TARGET_NAME)";
				SWIFT_EMIT_LOC_STRINGS = YES;
				SWIFT_VERSION = 5.0;
				TARGETED_DEVICE_FAMILY = "1,2";
			};
			name = Release;
		};
		4B7A7CB726FF359B0041DF10 /* Debug */ = {
			isa = XCBuildConfiguration;
			buildSettings = {
				CODE_SIGN_STYLE = Automatic;
				DEFINES_MODULE = YES;
				IPHONEOS_DEPLOYMENT_TARGET = 12.0;
				OTHER_LDFLAGS = "-ObjC";
				PRODUCT_NAME = "$(TARGET_NAME)";
				SKIP_INSTALL = YES;
				SWIFT_VERSION = 5.0;
				TARGETED_DEVICE_FAMILY = "1,2";
			};
			name = Debug;
		};
		4B7A7CB826FF359B0041DF10 /* Release */ = {
			isa = XCBuildConfiguration;
			buildSettings = {
				CODE_SIGN_STYLE = Automatic;
				DEFINES_MODULE = YES;
				IPHONEOS_DEPLOYMENT_TARGET = 12.0;
				OTHER_LDFLAGS = "-ObjC";
				PRODUCT_NAME = "$(TARGET_NAME)";
				SKIP_INSTALL = YES;
				SWIFT_VERSION = 5.0;
				TARGETED_DEVICE_FAMILY = "1,2";
			};
			name = Release;
		};
		4B7A7CC226FF35A60041DF10 /* Debug */ = {
			isa = XCBuildConfiguration;
			buildSettings = {
				CODE_SIGN_STYLE = Automatic;
				IPHONEOS_DEPLOYMENT_TARGET = 12.0;
				OTHER_LDFLAGS = "-ObjC";
				PRODUCT_NAME = "$(TARGET_NAME)";
				SKIP_INSTALL = YES;
				SWIFT_VERSION = 5.0;
				TARGETED_DEVICE_FAMILY = "1,2";
			};
			name = Debug;
		};
		4B7A7CC326FF35A60041DF10 /* Release */ = {
			isa = XCBuildConfiguration;
			buildSettings = {
				CODE_SIGN_STYLE = Automatic;
				IPHONEOS_DEPLOYMENT_TARGET = 12.0;
				OTHER_LDFLAGS = "-ObjC";
				PRODUCT_NAME = "$(TARGET_NAME)";
				SKIP_INSTALL = YES;
				SWIFT_VERSION = 5.0;
				TARGETED_DEVICE_FAMILY = "1,2";
			};
			name = Release;
		};
/* End XCBuildConfiguration section */

/* Begin XCConfigurationList section */
		4B7A7C9826FF35850041DF10 /* Build configuration list for PBXProject "static-library-play" */ = {
			isa = XCConfigurationList;
			buildConfigurations = (
				4B7A7CA926FF35880041DF10 /* Debug */,
				4B7A7CAA26FF35880041DF10 /* Release */,
			);
			defaultConfigurationIsVisible = 0;
			defaultConfigurationName = Release;
		};
		4B7A7CAB26FF35880041DF10 /* Build configuration list for PBXNativeTarget "static-library-play" */ = {
			isa = XCConfigurationList;
			buildConfigurations = (
				4B7A7CAC26FF35880041DF10 /* Debug */,
				4B7A7CAD26FF35880041DF10 /* Release */,
			);
			defaultConfigurationIsVisible = 0;
			defaultConfigurationName = Release;
		};
		4B7A7CB626FF359B0041DF10 /* Build configuration list for PBXNativeTarget "ModularA" */ = {
			isa = XCConfigurationList;
			buildConfigurations = (
				4B7A7CB726FF359B0041DF10 /* Debug */,
				4B7A7CB826FF359B0041DF10 /* Release */,
			);
			defaultConfigurationIsVisible = 0;
			defaultConfigurationName = Release;
		};
		4B7A7CC126FF35A60041DF10 /* Build configuration list for PBXNativeTarget "NonModularB" */ = {
			isa = XCConfigurationList;
			buildConfigurations = (
				4B7A7CC226FF35A60041DF10 /* Debug */,
				4B7A7CC326FF35A60041DF10 /* Release */,
			);
			defaultConfigurationIsVisible = 0;
			defaultConfigurationName = Release;
		};
/* End XCConfigurationList section */
	};
	rootObject = 4B7A7C9526FF35850041DF10 /* Project object */;
}
