{
  "object": {
    "pins": [
      {
        "package": "Files",
        "repositoryURL": "git@github.com:JohnSundell/Files.git",
        "state": {
          "branch": null,
          "revision": "d273b5b7025d386feef79ef6bad7de762e106eaf",
          "version": "4.2.0"
        }
      },
      {
        "package": "MondrianLayout",
        "repositoryURL": "https://github.com/muukii/MondrianLayout.git",
        "state": {
          "branch": null,
          "revision": "3d94b2524f4f237899b8cc802e907bca2924e154",
          "version": "0.0.11"
        }
      },
      {
        "package": "swift-log",
        "repositoryURL": "git@github.com:apple/swift-log.git",
        "state": {
          "branch": null,
          "revision": "5d66f7ba25daf4f94100e7022febf3c75e37a6c7",
          "version": "1.4.2"
        }
      },
      {
        "package": "TinyConstraints",
        "repositoryURL": "git@github.com:roberthein/TinyConstraints.git",
        "state": {
          "branch": null,
          "revision": "f413ea53b886de81b925eeb37a14538fe6ae4912",
          "version": "4.0.1"
        }
      }
    ]
  },
  "version": 1
}
