{
  "pins" : [
    {
      "identity" : "lettercase",
      "kind" : "remoteSourceControl",
      "location" : "https://github.com/rwbutler/LetterCase",
      "state" : {
        "revision" : "03589da8c6554655b276ba187cfc1cd35ad711d2",
        "version" : "1.6.1"
      }
    },
    {
      "identity" : "mondrianlayout",
      "kind" : "remoteSourceControl",
      "location" : "https://github.com/muukii/MondrianLayout.git",
      "state" : {
        "revision" : "5f00b13984fe08316fc5b5be06e2f41c14a3befa",
        "version" : "0.10.0"
      }
    },
    {
      "identity" : "rxswift",
      "kind" : "remoteSourceControl",
      "location" : "https://github.com/ReactiveX/RxSwift.git",
      "state" : {
        "revision" : "b4307ba0b6425c0ba4178e138799946c3da594f8",
        "version" : "6.5.0"
      }
    },
    {
      "identity" : "swift-serialdsl",
      "kind" : "remoteSourceControl",
      "location" : "https://github.com/muukii/swift-SerialDSL",
      "state" : {
        "branch" : "main",
        "revision" : "ba46ebca143a0f220c816006359edf06def3aea1"
      }
    },
    {
      "identity" : "verge",
      "kind" : "remoteSourceControl",
      "location" : "https://github.com/VergeGroup/Verge.git",
      "state" : {
        "revision" : "e066eb7dbaa9b55d2285af27dad2000cd905938d",
        "version" : "8.19.0"
      }
    }
  ],
  "version" : 2
}
