{
  "pins" : [
    {
      "identity" : "mondrianlayout",
      "kind" : "remoteSourceControl",
      "location" : "https://github.com/muukii/MondrianLayout.git",
      "state" : {
        "revision" : "239bc0b02b8abbc211720476d1554b736832bb9c",
        "version" : "0.9.0"
      }
    },
    {
      "identity" : "rxswift",
      "kind" : "remoteSourceControl",
      "location" : "https://github.com/ReactiveX/RxSwift.git",
      "state" : {
        "revision" : "b4307ba0b6425c0ba4178e138799946c3da594f8",
        "version" : "6.5.0"
      }
    },
    {
      "identity" : "verge",
      "kind" : "remoteSourceControl",
      "location" : "https://github.com/VergeGroup/Verge.git",
      "state" : {
        "revision" : "c55c4afb189f7ffc0fd8733c41471b1868651aa5",
        "version" : "8.16.0"
      }
    }
  ],
  "version" : 2
}
