{
  "pins" : [
    {
      "identity" : "hue",
      "kind" : "remoteSourceControl",
      "location" : "https://github.com/zenangst/Hue.git",
      "state" : {
        "revision" : "b9d920cee4ba795fefb828d130744eee1e3d2feb",
        "version" : "5.0.1"
      }
    },
    {
      "identity" : "swiftui-color",
      "kind" : "remoteSourceControl",
      "location" : "https://github.com/FluidGroup/swiftui-color.git",
      "state" : {
        "branch" : "main",
        "revision" : "c55af612894b03c876f4fc1601e7c1afb843bcd8"
      }
    }
  ],
  "version" : 2
}
